// !$*UTF8*$!
{
	archiveVersion = 1;
	classes = {
	};
	objectVersion = 48;
	objects = {

/* Begin PBXBuildFile section */
		664D8226FFBF7BA3A378C83B /* libPods-YTWeather.a in Frameworks */ = {isa = PBXBuildFile; fileRef = 3DFFB929967DD13412DE8194 /* libPods-YTWeather.a */; };
		840BD1161F999A0B00F4B004 /* cityCode.plist in Resources */ = {isa = PBXBuildFile; fileRef = 840BD1141F999A0B00F4B004 /* cityCode.plist */; };
		840BD1171F999A0B00F4B004 /* weatherCode.plist in Resources */ = {isa = PBXBuildFile; fileRef = 840BD1151F999A0B00F4B004 /* weatherCode.plist */; };
		84482C511FBC30670073BE47 /* UIImage+YT.m in Sources */ = {isa = PBXBuildFile; fileRef = 84482C501FBC30670073BE47 /* UIImage+YT.m */; };
		84482C531FBD2E420073BE47 /* libsqlite3.tbd in Frameworks */ = {isa = PBXBuildFile; fileRef = 84482C521FBD2E420073BE47 /* libsqlite3.tbd */; };
		84482C551FBD2E520073BE47 /* CoreGraphics.framework in Frameworks */ = {isa = PBXBuildFile; fileRef = 84482C541FBD2E4A0073BE47 /* CoreGraphics.framework */; };
		8460077D1FA7079200A2F403 /* UIColor+ColorChange.m in Sources */ = {isa = PBXBuildFile; fileRef = 846007741FA7079100A2F403 /* UIColor+ColorChange.m */; };
		8460077E1FA7079200A2F403 /* UIView+YT.m in Sources */ = {isa = PBXBuildFile; fileRef = 846007761FA7079100A2F403 /* UIView+YT.m */; };
		84654CC31F96418200E5092E /* AppDelegate.m in Sources */ = {isa = PBXBuildFile; fileRef = 84654CC21F96418200E5092E /* AppDelegate.m */; };
		84654CC91F96418200E5092E /* Main.storyboard in Resources */ = {isa = PBXBuildFile; fileRef = 84654CC71F96418200E5092E /* Main.storyboard */; };
		84654CCE1F96418200E5092E /* LaunchScreen.storyboard in Resources */ = {isa = PBXBuildFile; fileRef = 84654CCC1F96418200E5092E /* LaunchScreen.storyboard */; };
		84654CD11F96418200E5092E /* main.m in Sources */ = {isa = PBXBuildFile; fileRef = 84654CD01F96418200E5092E /* main.m */; };
		84654CDB1F96418200E5092E /* YTWeatherTests.m in Sources */ = {isa = PBXBuildFile; fileRef = 84654CDA1F96418200E5092E /* YTWeatherTests.m */; };
		84654CE61F96418200E5092E /* YTWeatherUITests.m in Sources */ = {isa = PBXBuildFile; fileRef = 84654CE51F96418200E5092E /* YTWeatherUITests.m */; };
		84654D131F96477E00E5092E /* YTMainViewController.m in Sources */ = {isa = PBXBuildFile; fileRef = 84654D111F96477E00E5092E /* YTMainViewController.m */; };
		84654D141F96477E00E5092E /* YTMainViewController.xib in Resources */ = {isa = PBXBuildFile; fileRef = 84654D121F96477E00E5092E /* YTMainViewController.xib */; };
		84906BA91FBC29DD00719944 /* Assets.xcassets in Resources */ = {isa = PBXBuildFile; fileRef = 84906BA81FBC29DB00719944 /* Assets.xcassets */; };
		84A220781FC2725100B2168A /* YTSearchViewController.m in Sources */ = {isa = PBXBuildFile; fileRef = 84A2206B1FC2725000B2168A /* YTSearchViewController.m */; };
		84A220791FC2725100B2168A /* YTSearchViewController.xib in Resources */ = {isa = PBXBuildFile; fileRef = 84A2206C1FC2725000B2168A /* YTSearchViewController.xib */; };
		84A2207A1FC2725100B2168A /* YTCitySearchModel.m in Sources */ = {isa = PBXBuildFile; fileRef = 84A2206F1FC2725000B2168A /* YTCitySearchModel.m */; };
		84A2207B1FC2725100B2168A /* YTLoginViewController.m in Sources */ = {isa = PBXBuildFile; fileRef = 84A220721FC2725000B2168A /* YTLoginViewController.m */; };
		84A2207C1FC2725100B2168A /* YTLoginViewController.xib in Resources */ = {isa = PBXBuildFile; fileRef = 84A220731FC2725000B2168A /* YTLoginViewController.xib */; };
		84A2207D1FC2725100B2168A /* YTSettingViewController.m in Sources */ = {isa = PBXBuildFile; fileRef = 84A220761FC2725000B2168A /* YTSettingViewController.m */; };
		84A2207E1FC2725100B2168A /* YTSettingViewController.xib in Resources */ = {isa = PBXBuildFile; fileRef = 84A220771FC2725000B2168A /* YTSettingViewController.xib */; };
		84A2208E1FC2726500B2168A /* YTCustomNavViewController.m in Sources */ = {isa = PBXBuildFile; fileRef = 84A220831FC2726400B2168A /* YTCustomNavViewController.m */; };
		84A2208F1FC2726500B2168A /* YTCustomNavViewController.xib in Resources */ = {isa = PBXBuildFile; fileRef = 84A220841FC2726400B2168A /* YTCustomNavViewController.xib */; };
		84A220901FC2726500B2168A /* YTNewFeatureViewController.m in Sources */ = {isa = PBXBuildFile; fileRef = 84A220881FC2726400B2168A /* YTNewFeatureViewController.m */; };
		84A220911FC2726500B2168A /* YTNewFeatureViewController.xib in Resources */ = {isa = PBXBuildFile; fileRef = 84A220891FC2726400B2168A /* YTNewFeatureViewController.xib */; };
		84A220921FC2726500B2168A /* YTLaunchADViewController.m in Sources */ = {isa = PBXBuildFile; fileRef = 84A2208C1FC2726400B2168A /* YTLaunchADViewController.m */; };
		84A220931FC2726500B2168A /* YTLaunchADViewController.xib in Resources */ = {isa = PBXBuildFile; fileRef = 84A2208D1FC2726400B2168A /* YTLaunchADViewController.xib */; };
		84A220D51FC2728F00B2168A /* YTMainCustomNavigationBar.m in Sources */ = {isa = PBXBuildFile; fileRef = 84A220971FC2728F00B2168A /* YTMainCustomNavigationBar.m */; };
		84A220D61FC2728F00B2168A /* YTMainCustomNavigationBar.xib in Resources */ = {isa = PBXBuildFile; fileRef = 84A220981FC2728F00B2168A /* YTMainCustomNavigationBar.xib */; };
		84A220D71FC2728F00B2168A /* YTCustomRefreshGifHeader.m in Sources */ = {isa = PBXBuildFile; fileRef = 84A2209B1FC2728F00B2168A /* YTCustomRefreshGifHeader.m */; };
		84A220D81FC2728F00B2168A /* YTLeftSlideTableViewNormalCell.m in Sources */ = {isa = PBXBuildFile; fileRef = 84A2209E1FC2728F00B2168A /* YTLeftSlideTableViewNormalCell.m */; };
		84A220D91FC2728F00B2168A /* YTLeftSlideTableViewNormalCell.xib in Resources */ = {isa = PBXBuildFile; fileRef = 84A2209F1FC2728F00B2168A /* YTLeftSlideTableViewNormalCell.xib */; };
		84A220DA1FC2728F00B2168A /* YTLeftSlideTableViewNoticeCell.m in Sources */ = {isa = PBXBuildFile; fileRef = 84A220A11FC2728F00B2168A /* YTLeftSlideTableViewNoticeCell.m */; };
		84A220DB1FC2728F00B2168A /* YTLeftSlideTableViewNoticeCell.xib in Resources */ = {isa = PBXBuildFile; fileRef = 84A220A21FC2728F00B2168A /* YTLeftSlideTableViewNoticeCell.xib */; };
		84A220DC1FC2728F00B2168A /* YTLeftSlideTableViewToolCell.m in Sources */ = {isa = PBXBuildFile; fileRef = 84A220A41FC2728F00B2168A /* YTLeftSlideTableViewToolCell.m */; };
		84A220DD1FC2728F00B2168A /* YTLeftSlideTableViewToolCell.xib in Resources */ = {isa = PBXBuildFile; fileRef = 84A220A51FC2728F00B2168A /* YTLeftSlideTableViewToolCell.xib */; };
		84A220DE1FC2728F00B2168A /* YTLeftSlideView.m in Sources */ = {isa = PBXBuildFile; fileRef = 84A220A71FC2728F00B2168A /* YTLeftSlideView.m */; };
		84A220DF1FC2728F00B2168A /* YTLeftSlideView.xib in Resources */ = {isa = PBXBuildFile; fileRef = 84A220A81FC2728F00B2168A /* YTLeftSlideView.xib */; };
		84A220E11FC2728F00B2168A /* YTMainAdvertisingTableViewCell.m in Sources */ = {isa = PBXBuildFile; fileRef = 84A220AE1FC2728F00B2168A /* YTMainAdvertisingTableViewCell.m */; };
		84A220E21FC2728F00B2168A /* YTMainAdvertisingTableViewCell.xib in Resources */ = {isa = PBXBuildFile; fileRef = 84A220AF1FC2728F00B2168A /* YTMainAdvertisingTableViewCell.xib */; };
		84A220E31FC2728F00B2168A /* YTMainDetailTableViewCell.m in Sources */ = {isa = PBXBuildFile; fileRef = 84A220B21FC2728F00B2168A /* YTMainDetailTableViewCell.m */; };
		84A220E41FC2728F00B2168A /* YTMainDetailTableViewCell.xib in Resources */ = {isa = PBXBuildFile; fileRef = 84A220B31FC2728F00B2168A /* YTMainDetailTableViewCell.xib */; };
		84A220E51FC2728F00B2168A /* YTMainEmptyTableViewCell.m in Sources */ = {isa = PBXBuildFile; fileRef = 84A220B61FC2728F00B2168A /* YTMainEmptyTableViewCell.m */; };
		84A220E61FC2728F00B2168A /* YTMainEmptyTableViewCell.xib in Resources */ = {isa = PBXBuildFile; fileRef = 84A220B71FC2728F00B2168A /* YTMainEmptyTableViewCell.xib */; };
		84A220E71FC2728F00B2168A /* YTDailyForecastTableViewCell.m in Sources */ = {isa = PBXBuildFile; fileRef = 84A220BA1FC2728F00B2168A /* YTDailyForecastTableViewCell.m */; };
		84A220E81FC2728F00B2168A /* YTDailyForecastTableViewCell.xib in Resources */ = {isa = PBXBuildFile; fileRef = 84A220BB1FC2728F00B2168A /* YTDailyForecastTableViewCell.xib */; };
		84A220E91FC2728F00B2168A /* YTHourlyForecastCollectionViewCell.m in Sources */ = {isa = PBXBuildFile; fileRef = 84A220BD1FC2728F00B2168A /* YTHourlyForecastCollectionViewCell.m */; };
		84A220EA1FC2728F00B2168A /* YTHourlyForecastCollectionViewCell.xib in Resources */ = {isa = PBXBuildFile; fileRef = 84A220BE1FC2728F00B2168A /* YTHourlyForecastCollectionViewCell.xib */; };
		84A220EB1FC2728F00B2168A /* YTMainForecastTableViewCell.m in Sources */ = {isa = PBXBuildFile; fileRef = 84A220C01FC2728F00B2168A /* YTMainForecastTableViewCell.m */; };
		84A220EC1FC2728F00B2168A /* YTMainForecastTableViewCell.xib in Resources */ = {isa = PBXBuildFile; fileRef = 84A220C11FC2728F00B2168A /* YTMainForecastTableViewCell.xib */; };
		84A220ED1FC2728F00B2168A /* YTMainTableHeaderView.m in Sources */ = {isa = PBXBuildFile; fileRef = 84A220C41FC2728F00B2168A /* YTMainTableHeaderView.m */; };
		84A220EE1FC2728F00B2168A /* YTMainTableHeaderView.xib in Resources */ = {isa = PBXBuildFile; fileRef = 84A220C51FC2728F00B2168A /* YTMainTableHeaderView.xib */; };
		84A220EF1FC2728F00B2168A /* YTMainPrecipitationTableViewCell.m in Sources */ = {isa = PBXBuildFile; fileRef = 84A220C91FC2728F00B2168A /* YTMainPrecipitationTableViewCell.m */; };
		84A220F01FC2728F00B2168A /* YTMainPrecipitationTableViewCell.xib in Resources */ = {isa = PBXBuildFile; fileRef = 84A220CA1FC2728F00B2168A /* YTMainPrecipitationTableViewCell.xib */; };
		84A220F11FC2728F00B2168A /* YTMainSunAndWindDrawView.m in Sources */ = {isa = PBXBuildFile; fileRef = 84A220CD1FC2728F00B2168A /* YTMainSunAndWindDrawView.m */; };
		84A220F21FC2728F00B2168A /* YTMainSunAndWindDrawView.xib in Resources */ = {isa = PBXBuildFile; fileRef = 84A220CE1FC2728F00B2168A /* YTMainSunAndWindDrawView.xib */; };
		84A220F31FC2728F00B2168A /* YTMainSunAndWindTableViewCell.m in Sources */ = {isa = PBXBuildFile; fileRef = 84A220D01FC2728F00B2168A /* YTMainSunAndWindTableViewCell.m */; };
		84A220F41FC2728F00B2168A /* YTMainSunAndWindTableViewCell.xib in Resources */ = {isa = PBXBuildFile; fileRef = 84A220D11FC2728F00B2168A /* YTMainSunAndWindTableViewCell.xib */; };
		84A220F51FC2728F00B2168A /* YTMainView.m in Sources */ = {isa = PBXBuildFile; fileRef = 84A220D31FC2728F00B2168A /* YTMainView.m */; };
		84A220F61FC2728F00B2168A /* YTMainView.xib in Resources */ = {isa = PBXBuildFile; fileRef = 84A220D41FC2728F00B2168A /* YTMainView.xib */; };
		84A6277B1F9713EB00EE29D5 /* YTMainRequestNetworkTool.m in Sources */ = {isa = PBXBuildFile; fileRef = 84A6277A1F9713EB00EE29D5 /* YTMainRequestNetworkTool.m */; };
		84E99C811FAC21570071C160 /* NSString+YT.m in Sources */ = {isa = PBXBuildFile; fileRef = 84E99C801FAC21570071C160 /* NSString+YT.m */; };
		84E99C841FAC25690071C160 /* NSURL+YT.m in Sources */ = {isa = PBXBuildFile; fileRef = 84E99C831FAC25690071C160 /* NSURL+YT.m */; };
		84E99C8E1FB14EFF0071C160 /* YTWeatherAirModel.m in Sources */ = {isa = PBXBuildFile; fileRef = 84E99C8D1FB14EFF0071C160 /* YTWeatherAirModel.m */; };
		84EE2F3920187428001ACB71 /* YTWeatherNormalModel.m in Sources */ = {isa = PBXBuildFile; fileRef = 84EE2F3820187428001ACB71 /* YTWeatherNormalModel.m */; };
		84F2C12E1FC3CFE1002952DA /* YTShareView.m in Sources */ = {isa = PBXBuildFile; fileRef = 84F2C12D1FC3CFE1002952DA /* YTShareView.m */; };
		84F2C1331FC3D126002952DA /* YTShareView.xib in Resources */ = {isa = PBXBuildFile; fileRef = 84F2C1321FC3D126002952DA /* YTShareView.xib */; };
/* End PBXBuildFile section */

/* Begin PBXContainerItemProxy section */
		84654CD71F96418200E5092E /* PBXContainerItemProxy */ = {
			isa = PBXContainerItemProxy;
			containerPortal = 84654CB61F96418200E5092E /* Project object */;
			proxyType = 1;
			remoteGlobalIDString = 84654CBD1F96418200E5092E;
			remoteInfo = YTWeather;
		};
		84654CE21F96418200E5092E /* PBXContainerItemProxy */ = {
			isa = PBXContainerItemProxy;
			containerPortal = 84654CB61F96418200E5092E /* Project object */;
			proxyType = 1;
			remoteGlobalIDString = 84654CBD1F96418200E5092E;
			remoteInfo = YTWeather;
		};
/* End PBXContainerItemProxy section */

/* Begin PBXFileReference section */
		3DFFB929967DD13412DE8194 /* libPods-YTWeather.a */ = {isa = PBXFileReference; explicitFileType = archive.ar; includeInIndex = 0; path = "libPods-YTWeather.a"; sourceTree = BUILT_PRODUCTS_DIR; };
		3FADEAE9FFC02DCB39C0752B /* Pods-YTWeather.debug.xcconfig */ = {isa = PBXFileReference; includeInIndex = 1; lastKnownFileType = text.xcconfig; name = "Pods-YTWeather.debug.xcconfig"; path = "Pods/Target Support Files/Pods-YTWeather/Pods-YTWeather.debug.xcconfig"; sourceTree = "<group>"; };
		840BD1141F999A0B00F4B004 /* cityCode.plist */ = {isa = PBXFileReference; fileEncoding = 4; lastKnownFileType = text.plist.xml; path = cityCode.plist; sourceTree = "<group>"; };
		840BD1151F999A0B00F4B004 /* weatherCode.plist */ = {isa = PBXFileReference; fileEncoding = 4; lastKnownFileType = text.plist.xml; path = weatherCode.plist; sourceTree = "<group>"; };
		84482C4F1FBC30670073BE47 /* UIImage+YT.h */ = {isa = PBXFileReference; lastKnownFileType = sourcecode.c.h; path = "UIImage+YT.h"; sourceTree = "<group>"; };
		84482C501FBC30670073BE47 /* UIImage+YT.m */ = {isa = PBXFileReference; lastKnownFileType = sourcecode.c.objc; path = "UIImage+YT.m"; sourceTree = "<group>"; };
		84482C521FBD2E420073BE47 /* libsqlite3.tbd */ = {isa = PBXFileReference; lastKnownFileType = "sourcecode.text-based-dylib-definition"; name = libsqlite3.tbd; path = usr/lib/libsqlite3.tbd; sourceTree = SDKROOT; };
		84482C541FBD2E4A0073BE47 /* CoreGraphics.framework */ = {isa = PBXFileReference; lastKnownFileType = wrapper.framework; name = CoreGraphics.framework; path = System/Library/Frameworks/CoreGraphics.framework; sourceTree = SDKROOT; };
		846007731FA7079100A2F403 /* UIColor+ColorChange.h */ = {isa = PBXFileReference; fileEncoding = 4; lastKnownFileType = sourcecode.c.h; path = "UIColor+ColorChange.h"; sourceTree = "<group>"; };
		846007741FA7079100A2F403 /* UIColor+ColorChange.m */ = {isa = PBXFileReference; fileEncoding = 4; lastKnownFileType = sourcecode.c.objc; path = "UIColor+ColorChange.m"; sourceTree = "<group>"; };
		846007751FA7079100A2F403 /* UIView+YT.h */ = {isa = PBXFileReference; fileEncoding = 4; lastKnownFileType = sourcecode.c.h; path = "UIView+YT.h"; sourceTree = "<group>"; };
		846007761FA7079100A2F403 /* UIView+YT.m */ = {isa = PBXFileReference; fileEncoding = 4; lastKnownFileType = sourcecode.c.objc; path = "UIView+YT.m"; sourceTree = "<group>"; };
		84654CBE1F96418200E5092E /* YTWeather.app */ = {isa = PBXFileReference; explicitFileType = wrapper.application; includeInIndex = 0; path = YTWeather.app; sourceTree = BUILT_PRODUCTS_DIR; };
		84654CC11F96418200E5092E /* AppDelegate.h */ = {isa = PBXFileReference; lastKnownFileType = sourcecode.c.h; path = AppDelegate.h; sourceTree = "<group>"; };
		84654CC21F96418200E5092E /* AppDelegate.m */ = {isa = PBXFileReference; lastKnownFileType = sourcecode.c.objc; path = AppDelegate.m; sourceTree = "<group>"; };
		84654CC81F96418200E5092E /* Base */ = {isa = PBXFileReference; lastKnownFileType = file.storyboard; name = Base; path = Base.lproj/Main.storyboard; sourceTree = "<group>"; };
		84654CCD1F96418200E5092E /* Base */ = {isa = PBXFileReference; lastKnownFileType = file.storyboard; name = Base; path = Base.lproj/LaunchScreen.storyboard; sourceTree = "<group>"; };
		84654CCF1F96418200E5092E /* Info.plist */ = {isa = PBXFileReference; lastKnownFileType = text.plist.xml; path = Info.plist; sourceTree = "<group>"; };
		84654CD01F96418200E5092E /* main.m */ = {isa = PBXFileReference; lastKnownFileType = sourcecode.c.objc; path = main.m; sourceTree = "<group>"; };
		84654CD61F96418200E5092E /* YTWeatherTests.xctest */ = {isa = PBXFileReference; explicitFileType = wrapper.cfbundle; includeInIndex = 0; path = YTWeatherTests.xctest; sourceTree = BUILT_PRODUCTS_DIR; };
		84654CDA1F96418200E5092E /* YTWeatherTests.m */ = {isa = PBXFileReference; lastKnownFileType = sourcecode.c.objc; path = YTWeatherTests.m; sourceTree = "<group>"; };
		84654CDC1F96418200E5092E /* Info.plist */ = {isa = PBXFileReference; lastKnownFileType = text.plist.xml; path = Info.plist; sourceTree = "<group>"; };
		84654CE11F96418200E5092E /* YTWeatherUITests.xctest */ = {isa = PBXFileReference; explicitFileType = wrapper.cfbundle; includeInIndex = 0; path = YTWeatherUITests.xctest; sourceTree = BUILT_PRODUCTS_DIR; };
		84654CE51F96418200E5092E /* YTWeatherUITests.m */ = {isa = PBXFileReference; lastKnownFileType = sourcecode.c.objc; path = YTWeatherUITests.m; sourceTree = "<group>"; };
		84654CE71F96418200E5092E /* Info.plist */ = {isa = PBXFileReference; lastKnownFileType = text.plist.xml; path = Info.plist; sourceTree = "<group>"; };
		84654D101F96477E00E5092E /* YTMainViewController.h */ = {isa = PBXFileReference; lastKnownFileType = sourcecode.c.h; path = YTMainViewController.h; sourceTree = "<group>"; };
		84654D111F96477E00E5092E /* YTMainViewController.m */ = {isa = PBXFileReference; lastKnownFileType = sourcecode.c.objc; path = YTMainViewController.m; sourceTree = "<group>"; };
		84654D121F96477E00E5092E /* YTMainViewController.xib */ = {isa = PBXFileReference; lastKnownFileType = file.xib; path = YTMainViewController.xib; sourceTree = "<group>"; };
		84906BA81FBC29DB00719944 /* Assets.xcassets */ = {isa = PBXFileReference; lastKnownFileType = folder.assetcatalog; path = Assets.xcassets; sourceTree = "<group>"; };
		84A2206A1FC2725000B2168A /* YTSearchViewController.h */ = {isa = PBXFileReference; fileEncoding = 4; lastKnownFileType = sourcecode.c.h; path = YTSearchViewController.h; sourceTree = "<group>"; };
		84A2206B1FC2725000B2168A /* YTSearchViewController.m */ = {isa = PBXFileReference; fileEncoding = 4; lastKnownFileType = sourcecode.c.objc; path = YTSearchViewController.m; sourceTree = "<group>"; };
		84A2206C1FC2725000B2168A /* YTSearchViewController.xib */ = {isa = PBXFileReference; fileEncoding = 4; lastKnownFileType = file.xib; path = YTSearchViewController.xib; sourceTree = "<group>"; };
		84A2206E1FC2725000B2168A /* YTCitySearchModel.h */ = {isa = PBXFileReference; fileEncoding = 4; lastKnownFileType = sourcecode.c.h; path = YTCitySearchModel.h; sourceTree = "<group>"; };
		84A2206F1FC2725000B2168A /* YTCitySearchModel.m */ = {isa = PBXFileReference; fileEncoding = 4; lastKnownFileType = sourcecode.c.objc; path = YTCitySearchModel.m; sourceTree = "<group>"; };
		84A220711FC2725000B2168A /* YTLoginViewController.h */ = {isa = PBXFileReference; fileEncoding = 4; lastKnownFileType = sourcecode.c.h; path = YTLoginViewController.h; sourceTree = "<group>"; };
		84A220721FC2725000B2168A /* YTLoginViewController.m */ = {isa = PBXFileReference; fileEncoding = 4; lastKnownFileType = sourcecode.c.objc; path = YTLoginViewController.m; sourceTree = "<group>"; };
		84A220731FC2725000B2168A /* YTLoginViewController.xib */ = {isa = PBXFileReference; fileEncoding = 4; lastKnownFileType = file.xib; path = YTLoginViewController.xib; sourceTree = "<group>"; };
		84A220751FC2725000B2168A /* YTSettingViewController.h */ = {isa = PBXFileReference; fileEncoding = 4; lastKnownFileType = sourcecode.c.h; path = YTSettingViewController.h; sourceTree = "<group>"; };
		84A220761FC2725000B2168A /* YTSettingViewController.m */ = {isa = PBXFileReference; fileEncoding = 4; lastKnownFileType = sourcecode.c.objc; path = YTSettingViewController.m; sourceTree = "<group>"; };
		84A220771FC2725000B2168A /* YTSettingViewController.xib */ = {isa = PBXFileReference; fileEncoding = 4; lastKnownFileType = file.xib; path = YTSettingViewController.xib; sourceTree = "<group>"; };
		84A220821FC2726400B2168A /* YTCustomNavViewController.h */ = {isa = PBXFileReference; fileEncoding = 4; lastKnownFileType = sourcecode.c.h; path = YTCustomNavViewController.h; sourceTree = "<group>"; };
		84A220831FC2726400B2168A /* YTCustomNavViewController.m */ = {isa = PBXFileReference; fileEncoding = 4; lastKnownFileType = sourcecode.c.objc; path = YTCustomNavViewController.m; sourceTree = "<group>"; };
		84A220841FC2726400B2168A /* YTCustomNavViewController.xib */ = {isa = PBXFileReference; fileEncoding = 4; lastKnownFileType = file.xib; path = YTCustomNavViewController.xib; sourceTree = "<group>"; };
		84A220871FC2726400B2168A /* YTNewFeatureViewController.h */ = {isa = PBXFileReference; fileEncoding = 4; lastKnownFileType = sourcecode.c.h; path = YTNewFeatureViewController.h; sourceTree = "<group>"; };
		84A220881FC2726400B2168A /* YTNewFeatureViewController.m */ = {isa = PBXFileReference; fileEncoding = 4; lastKnownFileType = sourcecode.c.objc; path = YTNewFeatureViewController.m; sourceTree = "<group>"; };
		84A220891FC2726400B2168A /* YTNewFeatureViewController.xib */ = {isa = PBXFileReference; fileEncoding = 4; lastKnownFileType = file.xib; path = YTNewFeatureViewController.xib; sourceTree = "<group>"; };
		84A2208B1FC2726400B2168A /* YTLaunchADViewController.h */ = {isa = PBXFileReference; fileEncoding = 4; lastKnownFileType = sourcecode.c.h; path = YTLaunchADViewController.h; sourceTree = "<group>"; };
		84A2208C1FC2726400B2168A /* YTLaunchADViewController.m */ = {isa = PBXFileReference; fileEncoding = 4; lastKnownFileType = sourcecode.c.objc; path = YTLaunchADViewController.m; sourceTree = "<group>"; };
		84A2208D1FC2726400B2168A /* YTLaunchADViewController.xib */ = {isa = PBXFileReference; fileEncoding = 4; lastKnownFileType = file.xib; path = YTLaunchADViewController.xib; sourceTree = "<group>"; };
		84A220961FC2728F00B2168A /* YTMainCustomNavigationBar.h */ = {isa = PBXFileReference; fileEncoding = 4; lastKnownFileType = sourcecode.c.h; path = YTMainCustomNavigationBar.h; sourceTree = "<group>"; };
		84A220971FC2728F00B2168A /* YTMainCustomNavigationBar.m */ = {isa = PBXFileReference; fileEncoding = 4; lastKnownFileType = sourcecode.c.objc; path = YTMainCustomNavigationBar.m; sourceTree = "<group>"; };
		84A220981FC2728F00B2168A /* YTMainCustomNavigationBar.xib */ = {isa = PBXFileReference; fileEncoding = 4; lastKnownFileType = file.xib; path = YTMainCustomNavigationBar.xib; sourceTree = "<group>"; };
		84A2209A1FC2728F00B2168A /* YTCustomRefreshGifHeader.h */ = {isa = PBXFileReference; fileEncoding = 4; lastKnownFileType = sourcecode.c.h; path = YTCustomRefreshGifHeader.h; sourceTree = "<group>"; };
		84A2209B1FC2728F00B2168A /* YTCustomRefreshGifHeader.m */ = {isa = PBXFileReference; fileEncoding = 4; lastKnownFileType = sourcecode.c.objc; path = YTCustomRefreshGifHeader.m; sourceTree = "<group>"; };
		84A2209D1FC2728F00B2168A /* YTLeftSlideTableViewNormalCell.h */ = {isa = PBXFileReference; fileEncoding = 4; lastKnownFileType = sourcecode.c.h; path = YTLeftSlideTableViewNormalCell.h; sourceTree = "<group>"; };
		84A2209E1FC2728F00B2168A /* YTLeftSlideTableViewNormalCell.m */ = {isa = PBXFileReference; fileEncoding = 4; lastKnownFileType = sourcecode.c.objc; path = YTLeftSlideTableViewNormalCell.m; sourceTree = "<group>"; };
		84A2209F1FC2728F00B2168A /* YTLeftSlideTableViewNormalCell.xib */ = {isa = PBXFileReference; fileEncoding = 4; lastKnownFileType = file.xib; path = YTLeftSlideTableViewNormalCell.xib; sourceTree = "<group>"; };
		84A220A01FC2728F00B2168A /* YTLeftSlideTableViewNoticeCell.h */ = {isa = PBXFileReference; fileEncoding = 4; lastKnownFileType = sourcecode.c.h; path = YTLeftSlideTableViewNoticeCell.h; sourceTree = "<group>"; };
		84A220A11FC2728F00B2168A /* YTLeftSlideTableViewNoticeCell.m */ = {isa = PBXFileReference; fileEncoding = 4; lastKnownFileType = sourcecode.c.objc; path = YTLeftSlideTableViewNoticeCell.m; sourceTree = "<group>"; };
		84A220A21FC2728F00B2168A /* YTLeftSlideTableViewNoticeCell.xib */ = {isa = PBXFileReference; fileEncoding = 4; lastKnownFileType = file.xib; path = YTLeftSlideTableViewNoticeCell.xib; sourceTree = "<group>"; };
		84A220A31FC2728F00B2168A /* YTLeftSlideTableViewToolCell.h */ = {isa = PBXFileReference; fileEncoding = 4; lastKnownFileType = sourcecode.c.h; path = YTLeftSlideTableViewToolCell.h; sourceTree = "<group>"; };
		84A220A41FC2728F00B2168A /* YTLeftSlideTableViewToolCell.m */ = {isa = PBXFileReference; fileEncoding = 4; lastKnownFileType = sourcecode.c.objc; path = YTLeftSlideTableViewToolCell.m; sourceTree = "<group>"; };
		84A220A51FC2728F00B2168A /* YTLeftSlideTableViewToolCell.xib */ = {isa = PBXFileReference; fileEncoding = 4; lastKnownFileType = file.xib; path = YTLeftSlideTableViewToolCell.xib; sourceTree = "<group>"; };
		84A220A61FC2728F00B2168A /* YTLeftSlideView.h */ = {isa = PBXFileReference; fileEncoding = 4; lastKnownFileType = sourcecode.c.h; path = YTLeftSlideView.h; sourceTree = "<group>"; };
		84A220A71FC2728F00B2168A /* YTLeftSlideView.m */ = {isa = PBXFileReference; fileEncoding = 4; lastKnownFileType = sourcecode.c.objc; path = YTLeftSlideView.m; sourceTree = "<group>"; };
		84A220A81FC2728F00B2168A /* YTLeftSlideView.xib */ = {isa = PBXFileReference; fileEncoding = 4; lastKnownFileType = file.xib; path = YTLeftSlideView.xib; sourceTree = "<group>"; };
		84A220AD1FC2728F00B2168A /* YTMainAdvertisingTableViewCell.h */ = {isa = PBXFileReference; fileEncoding = 4; lastKnownFileType = sourcecode.c.h; path = YTMainAdvertisingTableViewCell.h; sourceTree = "<group>"; };
		84A220AE1FC2728F00B2168A /* YTMainAdvertisingTableViewCell.m */ = {isa = PBXFileReference; fileEncoding = 4; lastKnownFileType = sourcecode.c.objc; path = YTMainAdvertisingTableViewCell.m; sourceTree = "<group>"; };
		84A220AF1FC2728F00B2168A /* YTMainAdvertisingTableViewCell.xib */ = {isa = PBXFileReference; fileEncoding = 4; lastKnownFileType = file.xib; path = YTMainAdvertisingTableViewCell.xib; sourceTree = "<group>"; };
		84A220B11FC2728F00B2168A /* YTMainDetailTableViewCell.h */ = {isa = PBXFileReference; fileEncoding = 4; lastKnownFileType = sourcecode.c.h; path = YTMainDetailTableViewCell.h; sourceTree = "<group>"; };
		84A220B21FC2728F00B2168A /* YTMainDetailTableViewCell.m */ = {isa = PBXFileReference; fileEncoding = 4; lastKnownFileType = sourcecode.c.objc; path = YTMainDetailTableViewCell.m; sourceTree = "<group>"; };
		84A220B31FC2728F00B2168A /* YTMainDetailTableViewCell.xib */ = {isa = PBXFileReference; fileEncoding = 4; lastKnownFileType = file.xib; path = YTMainDetailTableViewCell.xib; sourceTree = "<group>"; };
		84A220B51FC2728F00B2168A /* YTMainEmptyTableViewCell.h */ = {isa = PBXFileReference; fileEncoding = 4; lastKnownFileType = sourcecode.c.h; path = YTMainEmptyTableViewCell.h; sourceTree = "<group>"; };
		84A220B61FC2728F00B2168A /* YTMainEmptyTableViewCell.m */ = {isa = PBXFileReference; fileEncoding = 4; lastKnownFileType = sourcecode.c.objc; path = YTMainEmptyTableViewCell.m; sourceTree = "<group>"; };
		84A220B71FC2728F00B2168A /* YTMainEmptyTableViewCell.xib */ = {isa = PBXFileReference; fileEncoding = 4; lastKnownFileType = file.xib; path = YTMainEmptyTableViewCell.xib; sourceTree = "<group>"; };
		84A220B91FC2728F00B2168A /* YTDailyForecastTableViewCell.h */ = {isa = PBXFileReference; fileEncoding = 4; lastKnownFileType = sourcecode.c.h; path = YTDailyForecastTableViewCell.h; sourceTree = "<group>"; };
		84A220BA1FC2728F00B2168A /* YTDailyForecastTableViewCell.m */ = {isa = PBXFileReference; fileEncoding = 4; lastKnownFileType = sourcecode.c.objc; path = YTDailyForecastTableViewCell.m; sourceTree = "<group>"; };
		84A220BB1FC2728F00B2168A /* YTDailyForecastTableViewCell.xib */ = {isa = PBXFileReference; fileEncoding = 4; lastKnownFileType = file.xib; path = YTDailyForecastTableViewCell.xib; sourceTree = "<group>"; };
		84A220BC1FC2728F00B2168A /* YTHourlyForecastCollectionViewCell.h */ = {isa = PBXFileReference; fileEncoding = 4; lastKnownFileType = sourcecode.c.h; path = YTHourlyForecastCollectionViewCell.h; sourceTree = "<group>"; };
		84A220BD1FC2728F00B2168A /* YTHourlyForecastCollectionViewCell.m */ = {isa = PBXFileReference; fileEncoding = 4; lastKnownFileType = sourcecode.c.objc; path = YTHourlyForecastCollectionViewCell.m; sourceTree = "<group>"; };
		84A220BE1FC2728F00B2168A /* YTHourlyForecastCollectionViewCell.xib */ = {isa = PBXFileReference; fileEncoding = 4; lastKnownFileType = file.xib; path = YTHourlyForecastCollectionViewCell.xib; sourceTree = "<group>"; };
		84A220BF1FC2728F00B2168A /* YTMainForecastTableViewCell.h */ = {isa = PBXFileReference; fileEncoding = 4; lastKnownFileType = sourcecode.c.h; path = YTMainForecastTableViewCell.h; sourceTree = "<group>"; };
		84A220C01FC2728F00B2168A /* YTMainForecastTableViewCell.m */ = {isa = PBXFileReference; fileEncoding = 4; lastKnownFileType = sourcecode.c.objc; path = YTMainForecastTableViewCell.m; sourceTree = "<group>"; };
		84A220C11FC2728F00B2168A /* YTMainForecastTableViewCell.xib */ = {isa = PBXFileReference; fileEncoding = 4; lastKnownFileType = file.xib; path = YTMainForecastTableViewCell.xib; sourceTree = "<group>"; };
		84A220C31FC2728F00B2168A /* YTMainTableHeaderView.h */ = {isa = PBXFileReference; fileEncoding = 4; lastKnownFileType = sourcecode.c.h; path = YTMainTableHeaderView.h; sourceTree = "<group>"; };
		84A220C41FC2728F00B2168A /* YTMainTableHeaderView.m */ = {isa = PBXFileReference; fileEncoding = 4; lastKnownFileType = sourcecode.c.objc; path = YTMainTableHeaderView.m; sourceTree = "<group>"; };
		84A220C51FC2728F00B2168A /* YTMainTableHeaderView.xib */ = {isa = PBXFileReference; fileEncoding = 4; lastKnownFileType = file.xib; path = YTMainTableHeaderView.xib; sourceTree = "<group>"; };
		84A220C81FC2728F00B2168A /* YTMainPrecipitationTableViewCell.h */ = {isa = PBXFileReference; fileEncoding = 4; lastKnownFileType = sourcecode.c.h; path = YTMainPrecipitationTableViewCell.h; sourceTree = "<group>"; };
		84A220C91FC2728F00B2168A /* YTMainPrecipitationTableViewCell.m */ = {isa = PBXFileReference; fileEncoding = 4; lastKnownFileType = sourcecode.c.objc; path = YTMainPrecipitationTableViewCell.m; sourceTree = "<group>"; };
		84A220CA1FC2728F00B2168A /* YTMainPrecipitationTableViewCell.xib */ = {isa = PBXFileReference; fileEncoding = 4; lastKnownFileType = file.xib; path = YTMainPrecipitationTableViewCell.xib; sourceTree = "<group>"; };
		84A220CC1FC2728F00B2168A /* YTMainSunAndWindDrawView.h */ = {isa = PBXFileReference; fileEncoding = 4; lastKnownFileType = sourcecode.c.h; path = YTMainSunAndWindDrawView.h; sourceTree = "<group>"; };
		84A220CD1FC2728F00B2168A /* YTMainSunAndWindDrawView.m */ = {isa = PBXFileReference; fileEncoding = 4; lastKnownFileType = sourcecode.c.objc; path = YTMainSunAndWindDrawView.m; sourceTree = "<group>"; };
		84A220CE1FC2728F00B2168A /* YTMainSunAndWindDrawView.xib */ = {isa = PBXFileReference; fileEncoding = 4; lastKnownFileType = file.xib; path = YTMainSunAndWindDrawView.xib; sourceTree = "<group>"; };
		84A220CF1FC2728F00B2168A /* YTMainSunAndWindTableViewCell.h */ = {isa = PBXFileReference; fileEncoding = 4; lastKnownFileType = sourcecode.c.h; path = YTMainSunAndWindTableViewCell.h; sourceTree = "<group>"; };
		84A220D01FC2728F00B2168A /* YTMainSunAndWindTableViewCell.m */ = {isa = PBXFileReference; fileEncoding = 4; lastKnownFileType = sourcecode.c.objc; path = YTMainSunAndWindTableViewCell.m; sourceTree = "<group>"; };
		84A220D11FC2728F00B2168A /* YTMainSunAndWindTableViewCell.xib */ = {isa = PBXFileReference; fileEncoding = 4; lastKnownFileType = file.xib; path = YTMainSunAndWindTableViewCell.xib; sourceTree = "<group>"; };
		84A220D21FC2728F00B2168A /* YTMainView.h */ = {isa = PBXFileReference; fileEncoding = 4; lastKnownFileType = sourcecode.c.h; path = YTMainView.h; sourceTree = "<group>"; };
		84A220D31FC2728F00B2168A /* YTMainView.m */ = {isa = PBXFileReference; fileEncoding = 4; lastKnownFileType = sourcecode.c.objc; path = YTMainView.m; sourceTree = "<group>"; };
		84A220D41FC2728F00B2168A /* YTMainView.xib */ = {isa = PBXFileReference; fileEncoding = 4; lastKnownFileType = file.xib; path = YTMainView.xib; sourceTree = "<group>"; };
		84A6274F1F96531C00EE29D5 /* PrefixHeader.pch */ = {isa = PBXFileReference; lastKnownFileType = sourcecode.c.h; path = PrefixHeader.pch; sourceTree = "<group>"; };
		84A627791F9713EB00EE29D5 /* YTMainRequestNetworkTool.h */ = {isa = PBXFileReference; lastKnownFileType = sourcecode.c.h; path = YTMainRequestNetworkTool.h; sourceTree = "<group>"; };
		84A6277A1F9713EB00EE29D5 /* YTMainRequestNetworkTool.m */ = {isa = PBXFileReference; lastKnownFileType = sourcecode.c.objc; path = YTMainRequestNetworkTool.m; sourceTree = "<group>"; };
		84E99C7F1FAC21570071C160 /* NSString+YT.h */ = {isa = PBXFileReference; lastKnownFileType = sourcecode.c.h; path = "NSString+YT.h"; sourceTree = "<group>"; };
		84E99C801FAC21570071C160 /* NSString+YT.m */ = {isa = PBXFileReference; lastKnownFileType = sourcecode.c.objc; path = "NSString+YT.m"; sourceTree = "<group>"; };
		84E99C821FAC25690071C160 /* NSURL+YT.h */ = {isa = PBXFileReference; lastKnownFileType = sourcecode.c.h; path = "NSURL+YT.h"; sourceTree = "<group>"; };
		84E99C831FAC25690071C160 /* NSURL+YT.m */ = {isa = PBXFileReference; lastKnownFileType = sourcecode.c.objc; path = "NSURL+YT.m"; sourceTree = "<group>"; };
		84E99C8C1FB14EFF0071C160 /* YTWeatherAirModel.h */ = {isa = PBXFileReference; lastKnownFileType = sourcecode.c.h; path = YTWeatherAirModel.h; sourceTree = "<group>"; };
		84E99C8D1FB14EFF0071C160 /* YTWeatherAirModel.m */ = {isa = PBXFileReference; lastKnownFileType = sourcecode.c.objc; path = YTWeatherAirModel.m; sourceTree = "<group>"; };
		84EE2F3720187428001ACB71 /* YTWeatherNormalModel.h */ = {isa = PBXFileReference; lastKnownFileType = sourcecode.c.h; path = YTWeatherNormalModel.h; sourceTree = "<group>"; };
		84EE2F3820187428001ACB71 /* YTWeatherNormalModel.m */ = {isa = PBXFileReference; lastKnownFileType = sourcecode.c.objc; path = YTWeatherNormalModel.m; sourceTree = "<group>"; };
		84F2C12C1FC3CFE1002952DA /* YTShareView.h */ = {isa = PBXFileReference; lastKnownFileType = sourcecode.c.h; path = YTShareView.h; sourceTree = "<group>"; };
		84F2C12D1FC3CFE1002952DA /* YTShareView.m */ = {isa = PBXFileReference; lastKnownFileType = sourcecode.c.objc; path = YTShareView.m; sourceTree = "<group>"; };
		84F2C1321FC3D126002952DA /* YTShareView.xib */ = {isa = PBXFileReference; lastKnownFileType = file.xib; path = YTShareView.xib; sourceTree = "<group>"; };
		8BCAB6BDD51500CF0E110411 /* Pods-YTWeather.release.xcconfig */ = {isa = PBXFileReference; includeInIndex = 1; lastKnownFileType = text.xcconfig; name = "Pods-YTWeather.release.xcconfig"; path = "Pods/Target Support Files/Pods-YTWeather/Pods-YTWeather.release.xcconfig"; sourceTree = "<group>"; };
/* End PBXFileReference section */

/* Begin PBXFrameworksBuildPhase section */
		84654CBB1F96418200E5092E /* Frameworks */ = {
			isa = PBXFrameworksBuildPhase;
			buildActionMask = 2147483647;
			files = (
				84482C551FBD2E520073BE47 /* CoreGraphics.framework in Frameworks */,
				84482C531FBD2E420073BE47 /* libsqlite3.tbd in Frameworks */,
				664D8226FFBF7BA3A378C83B /* libPods-YTWeather.a in Frameworks */,
			);
			runOnlyForDeploymentPostprocessing = 0;
		};
		84654CD31F96418200E5092E /* Frameworks */ = {
			isa = PBXFrameworksBuildPhase;
			buildActionMask = 2147483647;
			files = (
			);
			runOnlyForDeploymentPostprocessing = 0;
		};
		84654CDE1F96418200E5092E /* Frameworks */ = {
			isa = PBXFrameworksBuildPhase;
			buildActionMask = 2147483647;
			files = (
			);
			runOnlyForDeploymentPostprocessing = 0;
		};
/* End PBXFrameworksBuildPhase section */

/* Begin PBXGroup section */
		3C96C7C96399474661D79E68 /* Frameworks */ = {
			isa = PBXGroup;
			children = (
				84482C541FBD2E4A0073BE47 /* CoreGraphics.framework */,
				84482C521FBD2E420073BE47 /* libsqlite3.tbd */,
				3DFFB929967DD13412DE8194 /* libPods-YTWeather.a */,
			);
			name = Frameworks;
			sourceTree = "<group>";
		};
		846007721FA7079100A2F403 /* Category */ = {
			isa = PBXGroup;
			children = (
				846007731FA7079100A2F403 /* UIColor+ColorChange.h */,
				846007741FA7079100A2F403 /* UIColor+ColorChange.m */,
				846007751FA7079100A2F403 /* UIView+YT.h */,
				846007761FA7079100A2F403 /* UIView+YT.m */,
				84E99C7F1FAC21570071C160 /* NSString+YT.h */,
				84E99C801FAC21570071C160 /* NSString+YT.m */,
				84E99C821FAC25690071C160 /* NSURL+YT.h */,
				84E99C831FAC25690071C160 /* NSURL+YT.m */,
				84482C4F1FBC30670073BE47 /* UIImage+YT.h */,
				84482C501FBC30670073BE47 /* UIImage+YT.m */,
			);
			path = Category;
			sourceTree = "<group>";
		};
		84654CB51F96418200E5092E = {
			isa = PBXGroup;
			children = (
				84654CC01F96418200E5092E /* YTWeather */,
				84654CD91F96418200E5092E /* YTWeatherTests */,
				84654CE41F96418200E5092E /* YTWeatherUITests */,
				84654CBF1F96418200E5092E /* Products */,
				BE0D3A0289394C6A0A2C781C /* Pods */,
				3C96C7C96399474661D79E68 /* Frameworks */,
			);
			sourceTree = "<group>";
		};
		84654CBF1F96418200E5092E /* Products */ = {
			isa = PBXGroup;
			children = (
				84654CBE1F96418200E5092E /* YTWeather.app */,
				84654CD61F96418200E5092E /* YTWeatherTests.xctest */,
				84654CE11F96418200E5092E /* YTWeatherUITests.xctest */,
			);
			name = Products;
			sourceTree = "<group>";
		};
		84654CC01F96418200E5092E /* YTWeather */ = {
			isa = PBXGroup;
			children = (
				84654CC11F96418200E5092E /* AppDelegate.h */,
				84654CC21F96418200E5092E /* AppDelegate.m */,
				84A2207F1FC2726400B2168A /* Guide&Launch */,
				84654CF31F9646D700E5092E /* MainViewController */,
				846007721FA7079100A2F403 /* Category */,
				84654CC71F96418200E5092E /* Main.storyboard */,
				84906BA81FBC29DB00719944 /* Assets.xcassets */,
				84654CCC1F96418200E5092E /* LaunchScreen.storyboard */,
				84654CCF1F96418200E5092E /* Info.plist */,
				840BD1141F999A0B00F4B004 /* cityCode.plist */,
				840BD1151F999A0B00F4B004 /* weatherCode.plist */,
				84654CD01F96418200E5092E /* main.m */,
				84A6274F1F96531C00EE29D5 /* PrefixHeader.pch */,
			);
			path = YTWeather;
			sourceTree = "<group>";
		};
		84654CD91F96418200E5092E /* YTWeatherTests */ = {
			isa = PBXGroup;
			children = (
				84654CDA1F96418200E5092E /* YTWeatherTests.m */,
				84654CDC1F96418200E5092E /* Info.plist */,
			);
			path = YTWeatherTests;
			sourceTree = "<group>";
		};
		84654CE41F96418200E5092E /* YTWeatherUITests */ = {
			isa = PBXGroup;
			children = (
				84654CE51F96418200E5092E /* YTWeatherUITests.m */,
				84654CE71F96418200E5092E /* Info.plist */,
			);
			path = YTWeatherUITests;
			sourceTree = "<group>";
		};
		84654CF31F9646D700E5092E /* MainViewController */ = {
			isa = PBXGroup;
			children = (
				84654CF41F9646D700E5092E /* Controller */,
				84A220941FC2728F00B2168A /* View */,
				84654CF51F9646D700E5092E /* Model */,
				84A6277C1F9713F000EE29D5 /* Request */,
				84A220671FC2725000B2168A /* SecondPage */,
			);
			path = MainViewController;
			sourceTree = "<group>";
		};
		84654CF41F9646D700E5092E /* Controller */ = {
			isa = PBXGroup;
			children = (
				84654D101F96477E00E5092E /* YTMainViewController.h */,
				84654D111F96477E00E5092E /* YTMainViewController.m */,
				84654D121F96477E00E5092E /* YTMainViewController.xib */,
			);
			path = Controller;
			sourceTree = "<group>";
		};
		84654CF51F9646D700E5092E /* Model */ = {
			isa = PBXGroup;
			children = (
				84EE2F3720187428001ACB71 /* YTWeatherNormalModel.h */,
				84EE2F3820187428001ACB71 /* YTWeatherNormalModel.m */,
				84E99C8C1FB14EFF0071C160 /* YTWeatherAirModel.h */,
				84E99C8D1FB14EFF0071C160 /* YTWeatherAirModel.m */,
			);
			path = Model;
			sourceTree = "<group>";
		};
		84A220671FC2725000B2168A /* SecondPage */ = {
			isa = PBXGroup;
			children = (
				84A220681FC2725000B2168A /* CitySearch Page */,
				84A220701FC2725000B2168A /* Login Page */,
				84A220741FC2725000B2168A /* Setting Page */,
			);
			path = SecondPage;
			sourceTree = "<group>";
		};
		84A220681FC2725000B2168A /* CitySearch Page */ = {
			isa = PBXGroup;
			children = (
				84A220691FC2725000B2168A /* controller */,
				84A2206D1FC2725000B2168A /* model */,
			);
			path = "CitySearch Page";
			sourceTree = "<group>";
		};
		84A220691FC2725000B2168A /* controller */ = {
			isa = PBXGroup;
			children = (
				84A2206A1FC2725000B2168A /* YTSearchViewController.h */,
				84A2206B1FC2725000B2168A /* YTSearchViewController.m */,
				84A2206C1FC2725000B2168A /* YTSearchViewController.xib */,
			);
			path = controller;
			sourceTree = "<group>";
		};
		84A2206D1FC2725000B2168A /* model */ = {
			isa = PBXGroup;
			children = (
				84A2206E1FC2725000B2168A /* YTCitySearchModel.h */,
				84A2206F1FC2725000B2168A /* YTCitySearchModel.m */,
			);
			path = model;
			sourceTree = "<group>";
		};
		84A220701FC2725000B2168A /* Login Page */ = {
			isa = PBXGroup;
			children = (
				84A220711FC2725000B2168A /* YTLoginViewController.h */,
				84A220721FC2725000B2168A /* YTLoginViewController.m */,
				84A220731FC2725000B2168A /* YTLoginViewController.xib */,
			);
			path = "Login Page";
			sourceTree = "<group>";
		};
		84A220741FC2725000B2168A /* Setting Page */ = {
			isa = PBXGroup;
			children = (
				84A220751FC2725000B2168A /* YTSettingViewController.h */,
				84A220761FC2725000B2168A /* YTSettingViewController.m */,
				84A220771FC2725000B2168A /* YTSettingViewController.xib */,
			);
			path = "Setting Page";
			sourceTree = "<group>";
		};
		84A2207F1FC2726400B2168A /* Guide&Launch */ = {
			isa = PBXGroup;
			children = (
				84A220801FC2726400B2168A /* CustomNav */,
				84A220851FC2726400B2168A /* Guilde&Launch Page */,
			);
			path = "Guide&Launch";
			sourceTree = "<group>";
		};
		84A220801FC2726400B2168A /* CustomNav */ = {
			isa = PBXGroup;
			children = (
				84A220811FC2726400B2168A /* controller */,
			);
			path = CustomNav;
			sourceTree = "<group>";
		};
		84A220811FC2726400B2168A /* controller */ = {
			isa = PBXGroup;
			children = (
				84A220821FC2726400B2168A /* YTCustomNavViewController.h */,
				84A220831FC2726400B2168A /* YTCustomNavViewController.m */,
				84A220841FC2726400B2168A /* YTCustomNavViewController.xib */,
			);
			path = controller;
			sourceTree = "<group>";
		};
		84A220851FC2726400B2168A /* Guilde&Launch Page */ = {
			isa = PBXGroup;
			children = (
				84A220861FC2726400B2168A /* Guilde  */,
				84A2208A1FC2726400B2168A /* LaunchAD  */,
			);
			path = "Guilde&Launch Page";
			sourceTree = "<group>";
		};
		84A220861FC2726400B2168A /* Guilde  */ = {
			isa = PBXGroup;
			children = (
				84A220871FC2726400B2168A /* YTNewFeatureViewController.h */,
				84A220881FC2726400B2168A /* YTNewFeatureViewController.m */,
				84A220891FC2726400B2168A /* YTNewFeatureViewController.xib */,
			);
			path = "Guilde ";
			sourceTree = "<group>";
		};
		84A2208A1FC2726400B2168A /* LaunchAD  */ = {
			isa = PBXGroup;
			children = (
				84A2208B1FC2726400B2168A /* YTLaunchADViewController.h */,
				84A2208C1FC2726400B2168A /* YTLaunchADViewController.m */,
				84A2208D1FC2726400B2168A /* YTLaunchADViewController.xib */,
			);
			path = "LaunchAD ";
			sourceTree = "<group>";
		};
		84A220941FC2728F00B2168A /* View */ = {
			isa = PBXGroup;
			children = (
				84A220D21FC2728F00B2168A /* YTMainView.h */,
				84A220D31FC2728F00B2168A /* YTMainView.m */,
				84A220D41FC2728F00B2168A /* YTMainView.xib */,
				84A220991FC2728F00B2168A /* CustomRefreshHeader  */,
				84A220951FC2728F00B2168A /* CustomNavigationBar */,
				84A220AB1FC2728F00B2168A /* TableViewCell */,
				84A2209C1FC2728F00B2168A /* LeftSlideView */,
			);
			path = View;
			sourceTree = "<group>";
		};
		84A220951FC2728F00B2168A /* CustomNavigationBar */ = {
			isa = PBXGroup;
			children = (
				84A220961FC2728F00B2168A /* YTMainCustomNavigationBar.h */,
				84A220971FC2728F00B2168A /* YTMainCustomNavigationBar.m */,
				84A220981FC2728F00B2168A /* YTMainCustomNavigationBar.xib */,
			);
			path = CustomNavigationBar;
			sourceTree = "<group>";
		};
		84A220991FC2728F00B2168A /* CustomRefreshHeader  */ = {
			isa = PBXGroup;
			children = (
				84A2209A1FC2728F00B2168A /* YTCustomRefreshGifHeader.h */,
				84A2209B1FC2728F00B2168A /* YTCustomRefreshGifHeader.m */,
			);
			path = "CustomRefreshHeader ";
			sourceTree = "<group>";
		};
		84A2209C1FC2728F00B2168A /* LeftSlideView */ = {
			isa = PBXGroup;
			children = (
				84A220A61FC2728F00B2168A /* YTLeftSlideView.h */,
				84A220A71FC2728F00B2168A /* YTLeftSlideView.m */,
				84A220A81FC2728F00B2168A /* YTLeftSlideView.xib */,
				84F2C12B1FC3CFB4002952DA /* LeftSlideViewCell */,
				84F2C1311FC3D011002952DA /* SecondViewPage */,
			);
			path = LeftSlideView;
			sourceTree = "<group>";
		};
		84A220AB1FC2728F00B2168A /* TableViewCell */ = {
			isa = PBXGroup;
			children = (
				84A220C21FC2728F00B2168A /* Header */,
				84A220B81FC2728F00B2168A /* Forecast */,
				84A220AC1FC2728F00B2168A /* Advertising */,
				84A220B01FC2728F00B2168A /* Detail */,
				84A220B41FC2728F00B2168A /* Empty */,
				84A220C71FC2728F00B2168A /* Precipitation */,
				84A220CB1FC2728F00B2168A /* SunAndWind */,
			);
			path = TableViewCell;
			sourceTree = "<group>";
		};
		84A220AC1FC2728F00B2168A /* Advertising */ = {
			isa = PBXGroup;
			children = (
				84A220AD1FC2728F00B2168A /* YTMainAdvertisingTableViewCell.h */,
				84A220AE1FC2728F00B2168A /* YTMainAdvertisingTableViewCell.m */,
				84A220AF1FC2728F00B2168A /* YTMainAdvertisingTableViewCell.xib */,
			);
			path = Advertising;
			sourceTree = "<group>";
		};
		84A220B01FC2728F00B2168A /* Detail */ = {
			isa = PBXGroup;
			children = (
				84A220B11FC2728F00B2168A /* YTMainDetailTableViewCell.h */,
				84A220B21FC2728F00B2168A /* YTMainDetailTableViewCell.m */,
				84A220B31FC2728F00B2168A /* YTMainDetailTableViewCell.xib */,
			);
			path = Detail;
			sourceTree = "<group>";
		};
		84A220B41FC2728F00B2168A /* Empty */ = {
			isa = PBXGroup;
			children = (
				84A220B51FC2728F00B2168A /* YTMainEmptyTableViewCell.h */,
				84A220B61FC2728F00B2168A /* YTMainEmptyTableViewCell.m */,
				84A220B71FC2728F00B2168A /* YTMainEmptyTableViewCell.xib */,
			);
			path = Empty;
			sourceTree = "<group>";
		};
		84A220B81FC2728F00B2168A /* Forecast */ = {
			isa = PBXGroup;
			children = (
				84A220B91FC2728F00B2168A /* YTDailyForecastTableViewCell.h */,
				84A220BA1FC2728F00B2168A /* YTDailyForecastTableViewCell.m */,
				84A220BB1FC2728F00B2168A /* YTDailyForecastTableViewCell.xib */,
				84A220BC1FC2728F00B2168A /* YTHourlyForecastCollectionViewCell.h */,
				84A220BD1FC2728F00B2168A /* YTHourlyForecastCollectionViewCell.m */,
				84A220BE1FC2728F00B2168A /* YTHourlyForecastCollectionViewCell.xib */,
				84A220BF1FC2728F00B2168A /* YTMainForecastTableViewCell.h */,
				84A220C01FC2728F00B2168A /* YTMainForecastTableViewCell.m */,
				84A220C11FC2728F00B2168A /* YTMainForecastTableViewCell.xib */,
			);
			path = Forecast;
			sourceTree = "<group>";
		};
		84A220C21FC2728F00B2168A /* Header */ = {
			isa = PBXGroup;
			children = (
				84A220C31FC2728F00B2168A /* YTMainTableHeaderView.h */,
				84A220C41FC2728F00B2168A /* YTMainTableHeaderView.m */,
				84A220C51FC2728F00B2168A /* YTMainTableHeaderView.xib */,
			);
			path = Header;
			sourceTree = "<group>";
		};
		84A220C71FC2728F00B2168A /* Precipitation */ = {
			isa = PBXGroup;
			children = (
				84A220C81FC2728F00B2168A /* YTMainPrecipitationTableViewCell.h */,
				84A220C91FC2728F00B2168A /* YTMainPrecipitationTableViewCell.m */,
				84A220CA1FC2728F00B2168A /* YTMainPrecipitationTableViewCell.xib */,
			);
			path = Precipitation;
			sourceTree = "<group>";
		};
		84A220CB1FC2728F00B2168A /* SunAndWind */ = {
			isa = PBXGroup;
			children = (
				84A220CC1FC2728F00B2168A /* YTMainSunAndWindDrawView.h */,
				84A220CD1FC2728F00B2168A /* YTMainSunAndWindDrawView.m */,
				84A220CE1FC2728F00B2168A /* YTMainSunAndWindDrawView.xib */,
				84A220CF1FC2728F00B2168A /* YTMainSunAndWindTableViewCell.h */,
				84A220D01FC2728F00B2168A /* YTMainSunAndWindTableViewCell.m */,
				84A220D11FC2728F00B2168A /* YTMainSunAndWindTableViewCell.xib */,
			);
			path = SunAndWind;
			sourceTree = "<group>";
		};
		84A6277C1F9713F000EE29D5 /* Request */ = {
			isa = PBXGroup;
			children = (
				84A627791F9713EB00EE29D5 /* YTMainRequestNetworkTool.h */,
				84A6277A1F9713EB00EE29D5 /* YTMainRequestNetworkTool.m */,
			);
			path = Request;
			sourceTree = "<group>";
		};
		84F2C12B1FC3CFB4002952DA /* LeftSlideViewCell */ = {
			isa = PBXGroup;
			children = (
				84A2209D1FC2728F00B2168A /* YTLeftSlideTableViewNormalCell.h */,
				84A2209E1FC2728F00B2168A /* YTLeftSlideTableViewNormalCell.m */,
				84A2209F1FC2728F00B2168A /* YTLeftSlideTableViewNormalCell.xib */,
				84A220A01FC2728F00B2168A /* YTLeftSlideTableViewNoticeCell.h */,
				84A220A11FC2728F00B2168A /* YTLeftSlideTableViewNoticeCell.m */,
				84A220A21FC2728F00B2168A /* YTLeftSlideTableViewNoticeCell.xib */,
				84A220A31FC2728F00B2168A /* YTLeftSlideTableViewToolCell.h */,
				84A220A41FC2728F00B2168A /* YTLeftSlideTableViewToolCell.m */,
				84A220A51FC2728F00B2168A /* YTLeftSlideTableViewToolCell.xib */,
			);
			path = LeftSlideViewCell;
			sourceTree = "<group>";
		};
		84F2C1311FC3D011002952DA /* SecondViewPage */ = {
			isa = PBXGroup;
			children = (
				84F2C12C1FC3CFE1002952DA /* YTShareView.h */,
				84F2C12D1FC3CFE1002952DA /* YTShareView.m */,
				84F2C1321FC3D126002952DA /* YTShareView.xib */,
			);
			path = SecondViewPage;
			sourceTree = "<group>";
		};
		BE0D3A0289394C6A0A2C781C /* Pods */ = {
			isa = PBXGroup;
			children = (
				3FADEAE9FFC02DCB39C0752B /* Pods-YTWeather.debug.xcconfig */,
				8BCAB6BDD51500CF0E110411 /* Pods-YTWeather.release.xcconfig */,
			);
			name = Pods;
			sourceTree = "<group>";
		};
/* End PBXGroup section */

/* Begin PBXNativeTarget section */
		84654CBD1F96418200E5092E /* YTWeather */ = {
			isa = PBXNativeTarget;
			buildConfigurationList = 84654CEA1F96418200E5092E /* Build configuration list for PBXNativeTarget "YTWeather" */;
			buildPhases = (
				B48A24BADE9A173FA8EBB1C2 /* [CP] Check Pods Manifest.lock */,
				84654CBA1F96418200E5092E /* Sources */,
				84654CBB1F96418200E5092E /* Frameworks */,
				84654CBC1F96418200E5092E /* Resources */,
				A45EC484148DB3F2DF9C0AFC /* [CP] Embed Pods Frameworks */,
				A82EA634CD69B95AF9E509BD /* [CP] Copy Pods Resources */,
			);
			buildRules = (
			);
			dependencies = (
			);
			name = YTWeather;
			productName = YTWeather;
			productReference = 84654CBE1F96418200E5092E /* YTWeather.app */;
			productType = "com.apple.product-type.application";
		};
		84654CD51F96418200E5092E /* YTWeatherTests */ = {
			isa = PBXNativeTarget;
			buildConfigurationList = 84654CED1F96418200E5092E /* Build configuration list for PBXNativeTarget "YTWeatherTests" */;
			buildPhases = (
				84654CD21F96418200E5092E /* Sources */,
				84654CD31F96418200E5092E /* Frameworks */,
				84654CD41F96418200E5092E /* Resources */,
			);
			buildRules = (
			);
			dependencies = (
				84654CD81F96418200E5092E /* PBXTargetDependency */,
			);
			name = YTWeatherTests;
			productName = YTWeatherTests;
			productReference = 84654CD61F96418200E5092E /* YTWeatherTests.xctest */;
			productType = "com.apple.product-type.bundle.unit-test";
		};
		84654CE01F96418200E5092E /* YTWeatherUITests */ = {
			isa = PBXNativeTarget;
			buildConfigurationList = 84654CF01F96418200E5092E /* Build configuration list for PBXNativeTarget "YTWeatherUITests" */;
			buildPhases = (
				84654CDD1F96418200E5092E /* Sources */,
				84654CDE1F96418200E5092E /* Frameworks */,
				84654CDF1F96418200E5092E /* Resources */,
			);
			buildRules = (
			);
			dependencies = (
				84654CE31F96418200E5092E /* PBXTargetDependency */,
			);
			name = YTWeatherUITests;
			productName = YTWeatherUITests;
			productReference = 84654CE11F96418200E5092E /* YTWeatherUITests.xctest */;
			productType = "com.apple.product-type.bundle.ui-testing";
		};
/* End PBXNativeTarget section */

/* Begin PBXProject section */
		84654CB61F96418200E5092E /* Project object */ = {
			isa = PBXProject;
			attributes = {
				CLASSPREFIX = YT;
				LastUpgradeCheck = 0900;
				ORGANIZATIONNAME = Jaten;
				TargetAttributes = {
					84654CBD1F96418200E5092E = {
						CreatedOnToolsVersion = 9.0.1;
						ProvisioningStyle = Automatic;
					};
					84654CD51F96418200E5092E = {
						CreatedOnToolsVersion = 9.0.1;
						ProvisioningStyle = Automatic;
						TestTargetID = 84654CBD1F96418200E5092E;
					};
					84654CE01F96418200E5092E = {
						CreatedOnToolsVersion = 9.0.1;
						ProvisioningStyle = Automatic;
						TestTargetID = 84654CBD1F96418200E5092E;
					};
				};
			};
			buildConfigurationList = 84654CB91F96418200E5092E /* Build configuration list for PBXProject "YTWeather" */;
			compatibilityVersion = "Xcode 8.0";
			developmentRegion = en;
			hasScannedForEncodings = 0;
			knownRegions = (
				en,
				Base,
			);
			mainGroup = 84654CB51F96418200E5092E;
			productRefGroup = 84654CBF1F96418200E5092E /* Products */;
			projectDirPath = "";
			projectRoot = "";
			targets = (
				84654CBD1F96418200E5092E /* YTWeather */,
				84654CD51F96418200E5092E /* YTWeatherTests */,
				84654CE01F96418200E5092E /* YTWeatherUITests */,
			);
		};
/* End PBXProject section */

/* Begin PBXResourcesBuildPhase section */
		84654CBC1F96418200E5092E /* Resources */ = {
			isa = PBXResourcesBuildPhase;
			buildActionMask = 2147483647;
			files = (
				84A220D91FC2728F00B2168A /* YTLeftSlideTableViewNormalCell.xib in Resources */,
				84A220E61FC2728F00B2168A /* YTMainEmptyTableViewCell.xib in Resources */,
				84A220E41FC2728F00B2168A /* YTMainDetailTableViewCell.xib in Resources */,
				84A220DF1FC2728F00B2168A /* YTLeftSlideView.xib in Resources */,
				84906BA91FBC29DD00719944 /* Assets.xcassets in Resources */,
				840BD1171F999A0B00F4B004 /* weatherCode.plist in Resources */,
				84A2207E1FC2725100B2168A /* YTSettingViewController.xib in Resources */,
				84A220911FC2726500B2168A /* YTNewFeatureViewController.xib in Resources */,
				84A220EE1FC2728F00B2168A /* YTMainTableHeaderView.xib in Resources */,
				84A220791FC2725100B2168A /* YTSearchViewController.xib in Resources */,
				84A220DD1FC2728F00B2168A /* YTLeftSlideTableViewToolCell.xib in Resources */,
				84654CCE1F96418200E5092E /* LaunchScreen.storyboard in Resources */,
				84A220E81FC2728F00B2168A /* YTDailyForecastTableViewCell.xib in Resources */,
				84A220EC1FC2728F00B2168A /* YTMainForecastTableViewCell.xib in Resources */,
				84654D141F96477E00E5092E /* YTMainViewController.xib in Resources */,
				840BD1161F999A0B00F4B004 /* cityCode.plist in Resources */,
				84A220F61FC2728F00B2168A /* YTMainView.xib in Resources */,
				84A2207C1FC2725100B2168A /* YTLoginViewController.xib in Resources */,
				84A220E21FC2728F00B2168A /* YTMainAdvertisingTableViewCell.xib in Resources */,
				84F2C1331FC3D126002952DA /* YTShareView.xib in Resources */,
				84A220DB1FC2728F00B2168A /* YTLeftSlideTableViewNoticeCell.xib in Resources */,
				84654CC91F96418200E5092E /* Main.storyboard in Resources */,
				84A220D61FC2728F00B2168A /* YTMainCustomNavigationBar.xib in Resources */,
				84A220F21FC2728F00B2168A /* YTMainSunAndWindDrawView.xib in Resources */,
				84A220F01FC2728F00B2168A /* YTMainPrecipitationTableViewCell.xib in Resources */,
				84A220EA1FC2728F00B2168A /* YTHourlyForecastCollectionViewCell.xib in Resources */,
				84A220931FC2726500B2168A /* YTLaunchADViewController.xib in Resources */,
				84A220F41FC2728F00B2168A /* YTMainSunAndWindTableViewCell.xib in Resources */,
				84A2208F1FC2726500B2168A /* YTCustomNavViewController.xib in Resources */,
			);
			runOnlyForDeploymentPostprocessing = 0;
		};
		84654CD41F96418200E5092E /* Resources */ = {
			isa = PBXResourcesBuildPhase;
			buildActionMask = 2147483647;
			files = (
			);
			runOnlyForDeploymentPostprocessing = 0;
		};
		84654CDF1F96418200E5092E /* Resources */ = {
			isa = PBXResourcesBuildPhase;
			buildActionMask = 2147483647;
			files = (
			);
			runOnlyForDeploymentPostprocessing = 0;
		};
/* End PBXResourcesBuildPhase section */

/* Begin PBXShellScriptBuildPhase section */
		A45EC484148DB3F2DF9C0AFC /* [CP] Embed Pods Frameworks */ = {
			isa = PBXShellScriptBuildPhase;
			buildActionMask = 2147483647;
			files = (
			);
			inputPaths = (
			);
			name = "[CP] Embed Pods Frameworks";
			outputPaths = (
			);
			runOnlyForDeploymentPostprocessing = 0;
			shellPath = /bin/sh;
			shellScript = "\"${SRCROOT}/Pods/Target Support Files/Pods-YTWeather/Pods-YTWeather-frameworks.sh\"\n";
			showEnvVarsInLog = 0;
		};
		A82EA634CD69B95AF9E509BD /* [CP] Copy Pods Resources */ = {
			isa = PBXShellScriptBuildPhase;
			buildActionMask = 2147483647;
			files = (
			);
			inputPaths = (
				"${SRCROOT}/Pods/Target Support Files/Pods-YTWeather/Pods-YTWeather-resources.sh",
				"${PODS_ROOT}/MJRefresh/MJRefresh/MJRefresh.bundle",
				"${PODS_ROOT}/UMengUShare/UShareSDK/UMSocialSDK/UMSocialSDKPromptResources.bundle",
				"${PODS_ROOT}/UMengUShare/UShareSDK/UMSocialUI/UMSocialSDKResources.bundle",
			);
			name = "[CP] Copy Pods Resources";
			outputPaths = (
				"${TARGET_BUILD_DIR}/${UNLOCALIZED_RESOURCES_FOLDER_PATH}",
			);
			runOnlyForDeploymentPostprocessing = 0;
			shellPath = /bin/sh;
			shellScript = "\"${SRCROOT}/Pods/Target Support Files/Pods-YTWeather/Pods-YTWeather-resources.sh\"\n";
			showEnvVarsInLog = 0;
		};
		B48A24BADE9A173FA8EBB1C2 /* [CP] Check Pods Manifest.lock */ = {
			isa = PBXShellScriptBuildPhase;
			buildActionMask = 2147483647;
			files = (
			);
			inputPaths = (
				"${PODS_PODFILE_DIR_PATH}/Podfile.lock",
				"${PODS_ROOT}/Manifest.lock",
			);
			name = "[CP] Check Pods Manifest.lock";
			outputPaths = (
				"$(DERIVED_FILE_DIR)/Pods-YTWeather-checkManifestLockResult.txt",
			);
			runOnlyForDeploymentPostprocessing = 0;
			shellPath = /bin/sh;
			shellScript = "diff \"${PODS_PODFILE_DIR_PATH}/Podfile.lock\" \"${PODS_ROOT}/Manifest.lock\" > /dev/null\nif [ $? != 0 ] ; then\n    # print error to STDERR\n    echo \"error: The sandbox is not in sync with the Podfile.lock. Run 'pod install' or update your CocoaPods installation.\" >&2\n    exit 1\nfi\n# This output is used by Xcode 'outputs' to avoid re-running this script phase.\necho \"SUCCESS\" > \"${SCRIPT_OUTPUT_FILE_0}\"\n";
			showEnvVarsInLog = 0;
		};
/* End PBXShellScriptBuildPhase section */

/* Begin PBXSourcesBuildPhase section */
		84654CBA1F96418200E5092E /* Sources */ = {
			isa = PBXSourcesBuildPhase;
			buildActionMask = 2147483647;
			files = (
				84A220E11FC2728F00B2168A /* YTMainAdvertisingTableViewCell.m in Sources */,
				84A220E51FC2728F00B2168A /* YTMainEmptyTableViewCell.m in Sources */,
				84A220901FC2726500B2168A /* YTNewFeatureViewController.m in Sources */,
				84A220DC1FC2728F00B2168A /* YTLeftSlideTableViewToolCell.m in Sources */,
				84A220F31FC2728F00B2168A /* YTMainSunAndWindTableViewCell.m in Sources */,
				8460077E1FA7079200A2F403 /* UIView+YT.m in Sources */,
				84654CD11F96418200E5092E /* main.m in Sources */,
				84A220E91FC2728F00B2168A /* YTHourlyForecastCollectionViewCell.m in Sources */,
				84A220D71FC2728F00B2168A /* YTCustomRefreshGifHeader.m in Sources */,
				84A2207B1FC2725100B2168A /* YTLoginViewController.m in Sources */,
				84E99C8E1FB14EFF0071C160 /* YTWeatherAirModel.m in Sources */,
				84A220D51FC2728F00B2168A /* YTMainCustomNavigationBar.m in Sources */,
				84A220E71FC2728F00B2168A /* YTDailyForecastTableViewCell.m in Sources */,
				84A2207A1FC2725100B2168A /* YTCitySearchModel.m in Sources */,
				84482C511FBC30670073BE47 /* UIImage+YT.m in Sources */,
				84A2208E1FC2726500B2168A /* YTCustomNavViewController.m in Sources */,
				84A220F11FC2728F00B2168A /* YTMainSunAndWindDrawView.m in Sources */,
				84E99C811FAC21570071C160 /* NSString+YT.m in Sources */,
				84A2207D1FC2725100B2168A /* YTSettingViewController.m in Sources */,
				84A220E31FC2728F00B2168A /* YTMainDetailTableViewCell.m in Sources */,
				84A220EB1FC2728F00B2168A /* YTMainForecastTableViewCell.m in Sources */,
				84A220EF1FC2728F00B2168A /* YTMainPrecipitationTableViewCell.m in Sources */,
				84A6277B1F9713EB00EE29D5 /* YTMainRequestNetworkTool.m in Sources */,
				84E99C841FAC25690071C160 /* NSURL+YT.m in Sources */,
				84F2C12E1FC3CFE1002952DA /* YTShareView.m in Sources */,
				84A220D81FC2728F00B2168A /* YTLeftSlideTableViewNormalCell.m in Sources */,
				84A220921FC2726500B2168A /* YTLaunchADViewController.m in Sources */,
				84EE2F3920187428001ACB71 /* YTWeatherNormalModel.m in Sources */,
				8460077D1FA7079200A2F403 /* UIColor+ColorChange.m in Sources */,
				84654D131F96477E00E5092E /* YTMainViewController.m in Sources */,
				84A220DE1FC2728F00B2168A /* YTLeftSlideView.m in Sources */,
				84A220781FC2725100B2168A /* YTSearchViewController.m in Sources */,
				84A220F51FC2728F00B2168A /* YTMainView.m in Sources */,
				84A220DA1FC2728F00B2168A /* YTLeftSlideTableViewNoticeCell.m in Sources */,
				84A220ED1FC2728F00B2168A /* YTMainTableHeaderView.m in Sources */,
				84654CC31F96418200E5092E /* AppDelegate.m in Sources */,
			);
			runOnlyForDeploymentPostprocessing = 0;
		};
		84654CD21F96418200E5092E /* Sources */ = {
			isa = PBXSourcesBuildPhase;
			buildActionMask = 2147483647;
			files = (
				84654CDB1F96418200E5092E /* YTWeatherTests.m in Sources */,
			);
			runOnlyForDeploymentPostprocessing = 0;
		};
		84654CDD1F96418200E5092E /* Sources */ = {
			isa = PBXSourcesBuildPhase;
			buildActionMask = 2147483647;
			files = (
				84654CE61F96418200E5092E /* YTWeatherUITests.m in Sources */,
			);
			runOnlyForDeploymentPostprocessing = 0;
		};
/* End PBXSourcesBuildPhase section */

/* Begin PBXTargetDependency section */
		84654CD81F96418200E5092E /* PBXTargetDependency */ = {
			isa = PBXTargetDependency;
			target = 84654CBD1F96418200E5092E /* YTWeather */;
			targetProxy = 84654CD71F96418200E5092E /* PBXContainerItemProxy */;
		};
		84654CE31F96418200E5092E /* PBXTargetDependency */ = {
			isa = PBXTargetDependency;
			target = 84654CBD1F96418200E5092E /* YTWeather */;
			targetProxy = 84654CE21F96418200E5092E /* PBXContainerItemProxy */;
		};
/* End PBXTargetDependency section */

/* Begin PBXVariantGroup section */
		84654CC71F96418200E5092E /* Main.storyboard */ = {
			isa = PBXVariantGroup;
			children = (
				84654CC81F96418200E5092E /* Base */,
			);
			name = Main.storyboard;
			sourceTree = "<group>";
		};
		84654CCC1F96418200E5092E /* LaunchScreen.storyboard */ = {
			isa = PBXVariantGroup;
			children = (
				84654CCD1F96418200E5092E /* Base */,
			);
			name = LaunchScreen.storyboard;
			sourceTree = "<group>";
		};
/* End PBXVariantGroup section */

/* Begin XCBuildConfiguration section */
		84654CE81F96418200E5092E /* Debug */ = {
			isa = XCBuildConfiguration;
			buildSettings = {
				ALWAYS_SEARCH_USER_PATHS = NO;
				CLANG_ANALYZER_NONNULL = YES;
				CLANG_ANALYZER_NUMBER_OBJECT_CONVERSION = YES_AGGRESSIVE;
				CLANG_CXX_LANGUAGE_STANDARD = "gnu++14";
				CLANG_CXX_LIBRARY = "libc++";
				CLANG_ENABLE_MODULES = YES;
				CLANG_ENABLE_OBJC_ARC = YES;
				CLANG_WARN_BLOCK_CAPTURE_AUTORELEASING = YES;
				CLANG_WARN_BOOL_CONVERSION = YES;
				CLANG_WARN_COMMA = YES;
				CLANG_WARN_CONSTANT_CONVERSION = YES;
				CLANG_WARN_DIRECT_OBJC_ISA_USAGE = YES_ERROR;
				CLANG_WARN_DOCUMENTATION_COMMENTS = YES;
				CLANG_WARN_EMPTY_BODY = YES;
				CLANG_WARN_ENUM_CONVERSION = YES;
				CLANG_WARN_INFINITE_RECURSION = YES;
				CLANG_WARN_INT_CONVERSION = YES;
				CLANG_WARN_NON_LITERAL_NULL_CONVERSION = YES;
				CLANG_WARN_OBJC_LITERAL_CONVERSION = YES;
				CLANG_WARN_OBJC_ROOT_CLASS = YES_ERROR;
				CLANG_WARN_RANGE_LOOP_ANALYSIS = YES;
				CLANG_WARN_STRICT_PROTOTYPES = YES;
				CLANG_WARN_SUSPICIOUS_MOVE = YES;
				CLANG_WARN_UNGUARDED_AVAILABILITY = YES_AGGRESSIVE;
				CLANG_WARN_UNREACHABLE_CODE = YES;
				CLANG_WARN__DUPLICATE_METHOD_MATCH = YES;
				CODE_SIGN_IDENTITY = "iPhone Developer";
				COPY_PHASE_STRIP = NO;
				DEBUG_INFORMATION_FORMAT = dwarf;
				ENABLE_STRICT_OBJC_MSGSEND = YES;
				ENABLE_TESTABILITY = YES;
				GCC_C_LANGUAGE_STANDARD = gnu11;
				GCC_DYNAMIC_NO_PIC = NO;
				GCC_INPUT_FILETYPE = sourcecode.cpp.objcpp;
				GCC_NO_COMMON_BLOCKS = YES;
				GCC_OPTIMIZATION_LEVEL = 0;
				GCC_PREPROCESSOR_DEFINITIONS = (
					"DEBUG=1",
					"$(inherited)",
				);
				GCC_WARN_64_TO_32_BIT_CONVERSION = YES;
				GCC_WARN_ABOUT_RETURN_TYPE = YES_ERROR;
				GCC_WARN_UNDECLARED_SELECTOR = YES;
				GCC_WARN_UNINITIALIZED_AUTOS = YES_AGGRESSIVE;
				GCC_WARN_UNUSED_FUNCTION = YES;
				GCC_WARN_UNUSED_VARIABLE = YES;
				IPHONEOS_DEPLOYMENT_TARGET = 11.0;
				MTL_ENABLE_DEBUG_INFO = YES;
				ONLY_ACTIVE_ARCH = YES;
				SDKROOT = iphoneos;
			};
			name = Debug;
		};
		84654CE91F96418200E5092E /* Release */ = {
			isa = XCBuildConfiguration;
			buildSettings = {
				ALWAYS_SEARCH_USER_PATHS = NO;
				CLANG_ANALYZER_NONNULL = YES;
				CLANG_ANALYZER_NUMBER_OBJECT_CONVERSION = YES_AGGRESSIVE;
				CLANG_CXX_LANGUAGE_STANDARD = "gnu++14";
				CLANG_CXX_LIBRARY = "libc++";
				CLANG_ENABLE_MODULES = YES;
				CLANG_ENABLE_OBJC_ARC = YES;
				CLANG_WARN_BLOCK_CAPTURE_AUTORELEASING = YES;
				CLANG_WARN_BOOL_CONVERSION = YES;
				CLANG_WARN_COMMA = YES;
				CLANG_WARN_CONSTANT_CONVERSION = YES;
				CLANG_WARN_DIRECT_OBJC_ISA_USAGE = YES_ERROR;
				CLANG_WARN_DOCUMENTATION_COMMENTS = YES;
				CLANG_WARN_EMPTY_BODY = YES;
				CLANG_WARN_ENUM_CONVERSION = YES;
				CLANG_WARN_INFINITE_RECURSION = YES;
				CLANG_WARN_INT_CONVERSION = YES;
				CLANG_WARN_NON_LITERAL_NULL_CONVERSION = YES;
				CLANG_WARN_OBJC_LITERAL_CONVERSION = YES;
				CLANG_WARN_OBJC_ROOT_CLASS = YES_ERROR;
				CLANG_WARN_RANGE_LOOP_ANALYSIS = YES;
				CLANG_WARN_STRICT_PROTOTYPES = YES;
				CLANG_WARN_SUSPICIOUS_MOVE = YES;
				CLANG_WARN_UNGUARDED_AVAILABILITY = YES_AGGRESSIVE;
				CLANG_WARN_UNREACHABLE_CODE = YES;
				CLANG_WARN__DUPLICATE_METHOD_MATCH = YES;
				CODE_SIGN_IDENTITY = "iPhone Developer";
				COPY_PHASE_STRIP = NO;
				DEBUG_INFORMATION_FORMAT = "dwarf-with-dsym";
				ENABLE_NS_ASSERTIONS = NO;
				ENABLE_STRICT_OBJC_MSGSEND = YES;
				GCC_C_LANGUAGE_STANDARD = gnu11;
				GCC_INPUT_FILETYPE = sourcecode.cpp.objcpp;
				GCC_NO_COMMON_BLOCKS = YES;
				GCC_WARN_64_TO_32_BIT_CONVERSION = YES;
				GCC_WARN_ABOUT_RETURN_TYPE = YES_ERROR;
				GCC_WARN_UNDECLARED_SELECTOR = YES;
				GCC_WARN_UNINITIALIZED_AUTOS = YES_AGGRESSIVE;
				GCC_WARN_UNUSED_FUNCTION = YES;
				GCC_WARN_UNUSED_VARIABLE = YES;
				IPHONEOS_DEPLOYMENT_TARGET = 11.0;
				MTL_ENABLE_DEBUG_INFO = NO;
				SDKROOT = iphoneos;
				VALIDATE_PRODUCT = YES;
			};
			name = Release;
		};
		84654CEB1F96418200E5092E /* Debug */ = {
			isa = XCBuildConfiguration;
			baseConfigurationReference = 3FADEAE9FFC02DCB39C0752B /* Pods-YTWeather.debug.xcconfig */;
			buildSettings = {
				ASSETCATALOG_COMPILER_APPICON_NAME = AppIcon;
				ASSETCATALOG_COMPILER_LAUNCHIMAGE_NAME = LaunchImage;
				"CODE_SIGN_IDENTITY[sdk=iphoneos*]" = "iPhone Developer";
				CODE_SIGN_STYLE = Automatic;
				DEVELOPMENT_TEAM = "";
				GCC_PRECOMPILE_PREFIX_HEADER = YES;
				GCC_PREFIX_HEADER = YTWeather/PrefixHeader.pch;
				INFOPLIST_FILE = YTWeather/Info.plist;
				IPHONEOS_DEPLOYMENT_TARGET = 8.0;
				LD_RUNPATH_SEARCH_PATHS = "$(inherited) @executable_path/Frameworks";
				PRODUCT_BUNDLE_IDENTIFIER = Jaten.YTWeather;
				PRODUCT_NAME = "$(TARGET_NAME)";
				PROVISIONING_PROFILE_SPECIFIER = "";
				TARGETED_DEVICE_FAMILY = 1;
			};
			name = Debug;
		};
		84654CEC1F96418200E5092E /* Release */ = {
			isa = XCBuildConfiguration;
			baseConfigurationReference = 8BCAB6BDD51500CF0E110411 /* Pods-YTWeather.release.xcconfig */;
			buildSettings = {
				ASSETCATALOG_COMPILER_APPICON_NAME = AppIcon;
				ASSETCATALOG_COMPILER_LAUNCHIMAGE_NAME = LaunchImage;
				"CODE_SIGN_IDENTITY[sdk=iphoneos*]" = "iPhone Developer";
				CODE_SIGN_STYLE = Automatic;
				DEVELOPMENT_TEAM = "";
				GCC_PRECOMPILE_PREFIX_HEADER = YES;
				GCC_PREFIX_HEADER = YTWeather/PrefixHeader.pch;
				INFOPLIST_FILE = YTWeather/Info.plist;
				IPHONEOS_DEPLOYMENT_TARGET = 8.0;
				LD_RUNPATH_SEARCH_PATHS = "$(inherited) @executable_path/Frameworks";
				PRODUCT_BUNDLE_IDENTIFIER = Jaten.YTWeather;
				PRODUCT_NAME = "$(TARGET_NAME)";
				PROVISIONING_PROFILE_SPECIFIER = "";
				TARGETED_DEVICE_FAMILY = 1;
			};
			name = Release;
		};
		84654CEE1F96418200E5092E /* Debug */ = {
			isa = XCBuildConfiguration;
			buildSettings = {
				BUNDLE_LOADER = "$(TEST_HOST)";
				CODE_SIGN_STYLE = Automatic;
				DEVELOPMENT_TEAM = C2ZM39SG7H;
				INFOPLIST_FILE = YTWeatherTests/Info.plist;
				LD_RUNPATH_SEARCH_PATHS = "$(inherited) @executable_path/Frameworks @loader_path/Frameworks";
				PRODUCT_BUNDLE_IDENTIFIER = Jaten.YTWeatherTests;
				PRODUCT_NAME = "$(TARGET_NAME)";
				TARGETED_DEVICE_FAMILY = "1,2";
				TEST_HOST = "$(BUILT_PRODUCTS_DIR)/YTWeather.app/YTWeather";
			};
			name = Debug;
		};
		84654CEF1F96418200E5092E /* Release */ = {
			isa = XCBuildConfiguration;
			buildSettings = {
				BUNDLE_LOADER = "$(TEST_HOST)";
				CODE_SIGN_STYLE = Automatic;
				DEVELOPMENT_TEAM = C2ZM39SG7H;
				INFOPLIST_FILE = YTWeatherTests/Info.plist;
				LD_RUNPATH_SEARCH_PATHS = "$(inherited) @executable_path/Frameworks @loader_path/Frameworks";
				PRODUCT_BUNDLE_IDENTIFIER = Jaten.YTWeatherTests;
				PRODUCT_NAME = "$(TARGET_NAME)";
				TARGETED_DEVICE_FAMILY = "1,2";
				TEST_HOST = "$(BUILT_PRODUCTS_DIR)/YTWeather.app/YTWeather";
			};
			name = Release;
		};
		84654CF11F96418200E5092E /* Debug */ = {
			isa = XCBuildConfiguration;
			buildSettings = {
				CODE_SIGN_STYLE = Automatic;
				DEVELOPMENT_TEAM = C2ZM39SG7H;
				INFOPLIST_FILE = YTWeatherUITests/Info.plist;
				LD_RUNPATH_SEARCH_PATHS = "$(inherited) @executable_path/Frameworks @loader_path/Frameworks";
				PRODUCT_BUNDLE_IDENTIFIER = Jaten.YTWeatherUITests;
				PRODUCT_NAME = "$(TARGET_NAME)";
				TARGETED_DEVICE_FAMILY = "1,2";
				TEST_TARGET_NAME = YTWeather;
			};
			name = Debug;
		};
		84654CF21F96418200E5092E /* Release */ = {
			isa = XCBuildConfiguration;
			buildSettings = {
				CODE_SIGN_STYLE = Automatic;
				DEVELOPMENT_TEAM = C2ZM39SG7H;
				INFOPLIST_FILE = YTWeatherUITests/Info.plist;
				LD_RUNPATH_SEARCH_PATHS = "$(inherited) @executable_path/Frameworks @loader_path/Frameworks";
				PRODUCT_BUNDLE_IDENTIFIER = Jaten.YTWeatherUITests;
				PRODUCT_NAME = "$(TARGET_NAME)";
				TARGETED_DEVICE_FAMILY = "1,2";
				TEST_TARGET_NAME = YTWeather;
			};
			name = Release;
		};
/* End XCBuildConfiguration section */

/* Begin XCConfigurationList section */
		84654CB91F96418200E5092E /* Build configuration list for PBXProject "YTWeather" */ = {
			isa = XCConfigurationList;
			buildConfigurations = (
				84654CE81F96418200E5092E /* Debug */,
				84654CE91F96418200E5092E /* Release */,
			);
			defaultConfigurationIsVisible = 0;
			defaultConfigurationName = Release;
		};
		84654CEA1F96418200E5092E /* Build configuration list for PBXNativeTarget "YTWeather" */ = {
			isa = XCConfigurationList;
			buildConfigurations = (
				84654CEB1F96418200E5092E /* Debug */,
				84654CEC1F96418200E5092E /* Release */,
			);
			defaultConfigurationIsVisible = 0;
			defaultConfigurationName = Release;
		};
		84654CED1F96418200E5092E /* Build configuration list for PBXNativeTarget "YTWeatherTests" */ = {
			isa = XCConfigurationList;
			buildConfigurations = (
				84654CEE1F96418200E5092E /* Debug */,
				84654CEF1F96418200E5092E /* Release */,
			);
			defaultConfigurationIsVisible = 0;
			defaultConfigurationName = Release;
		};
		84654CF01F96418200E5092E /* Build configuration list for PBXNativeTarget "YTWeatherUITests" */ = {
			isa = XCConfigurationList;
			buildConfigurations = (
				84654CF11F96418200E5092E /* Debug */,
				84654CF21F96418200E5092E /* Release */,
			);
			defaultConfigurationIsVisible = 0;
			defaultConfigurationName = Release;
		};
/* End XCConfigurationList section */
	};
	rootObject = 84654CB61F96418200E5092E /* Project object */;
}
