// !$*UTF8*$!
{
	archiveVersion = 1;
	classes = {
	};
	objectVersion = 48;
	objects = {

/* Begin PBXBuildFile section */
		664D8226FFBF7BA3A378C83B /* libPods-YTWeather.a in Frameworks */ = {isa = PBXBuildFile; fileRef = 3DFFB929967DD13412DE8194 /* libPods-YTWeather.a */; };
		840BD1071F988EBF00F4B004 /* YTWeatherDailyForecastModel.m in Sources */ = {isa = PBXBuildFile; fileRef = 840BD1061F988EBF00F4B004 /* YTWeatherDailyForecastModel.m */; };
		840BD10A1F988EDA00F4B004 /* YTWeatherHourlyForecastModel.m in Sources */ = {isa = PBXBuildFile; fileRef = 840BD1091F988EDA00F4B004 /* YTWeatherHourlyForecastModel.m */; };
		840BD1161F999A0B00F4B004 /* cityCode.plist in Resources */ = {isa = PBXBuildFile; fileRef = 840BD1141F999A0B00F4B004 /* cityCode.plist */; };
		840BD1171F999A0B00F4B004 /* weatherCode.plist in Resources */ = {isa = PBXBuildFile; fileRef = 840BD1151F999A0B00F4B004 /* weatherCode.plist */; };
		840D47AD1FA3229400AAADC9 /* YTWeatherUpdateModel.m in Sources */ = {isa = PBXBuildFile; fileRef = 840D47AC1FA3229400AAADC9 /* YTWeatherUpdateModel.m */; };
		840D47B01FA322C500AAADC9 /* YTWeatherLifestyleModel.m in Sources */ = {isa = PBXBuildFile; fileRef = 840D47AF1FA322C500AAADC9 /* YTWeatherLifestyleModel.m */; };
		8450CA431FA9636A006344F1 /* YTLeftSlideTableViewNormalCell.m in Sources */ = {isa = PBXBuildFile; fileRef = 8450CA411FA9636A006344F1 /* YTLeftSlideTableViewNormalCell.m */; };
		8450CA441FA9636A006344F1 /* YTLeftSlideTableViewNormalCell.xib in Resources */ = {isa = PBXBuildFile; fileRef = 8450CA421FA9636A006344F1 /* YTLeftSlideTableViewNormalCell.xib */; };
		8450CA471FA96607006344F1 /* YTLeftSlideView.m in Sources */ = {isa = PBXBuildFile; fileRef = 8450CA461FA96607006344F1 /* YTLeftSlideView.m */; };
		8450CA491FA96628006344F1 /* YTLeftSlideView.xib in Resources */ = {isa = PBXBuildFile; fileRef = 8450CA481FA96628006344F1 /* YTLeftSlideView.xib */; };
		846007771FA7079200A2F403 /* YTCustomNavViewController.m in Sources */ = {isa = PBXBuildFile; fileRef = 846007681FA7079100A2F403 /* YTCustomNavViewController.m */; };
		846007781FA7079200A2F403 /* YTCustomNavViewController.xib in Resources */ = {isa = PBXBuildFile; fileRef = 846007691FA7079100A2F403 /* YTCustomNavViewController.xib */; };
		846007791FA7079200A2F403 /* YTLaunchADViewController.m in Sources */ = {isa = PBXBuildFile; fileRef = 8460076D1FA7079100A2F403 /* YTLaunchADViewController.m */; };
		8460077A1FA7079200A2F403 /* YTLaunchADViewController.xib in Resources */ = {isa = PBXBuildFile; fileRef = 8460076E1FA7079100A2F403 /* YTLaunchADViewController.xib */; };
		8460077B1FA7079200A2F403 /* YTNewFeatureViewController.m in Sources */ = {isa = PBXBuildFile; fileRef = 846007701FA7079100A2F403 /* YTNewFeatureViewController.m */; };
		8460077C1FA7079200A2F403 /* YTNewFeatureViewController.xib in Resources */ = {isa = PBXBuildFile; fileRef = 846007711FA7079100A2F403 /* YTNewFeatureViewController.xib */; };
		8460077D1FA7079200A2F403 /* UIColor+ColorChange.m in Sources */ = {isa = PBXBuildFile; fileRef = 846007741FA7079100A2F403 /* UIColor+ColorChange.m */; };
		8460077E1FA7079200A2F403 /* UIView+YT.m in Sources */ = {isa = PBXBuildFile; fileRef = 846007761FA7079100A2F403 /* UIView+YT.m */; };
		846007821FA85DC500A2F403 /* YTSearchViewController.m in Sources */ = {isa = PBXBuildFile; fileRef = 846007801FA85DC500A2F403 /* YTSearchViewController.m */; };
		846007831FA85DC500A2F403 /* YTSearchViewController.xib in Resources */ = {isa = PBXBuildFile; fileRef = 846007811FA85DC500A2F403 /* YTSearchViewController.xib */; };
		84654CC31F96418200E5092E /* AppDelegate.m in Sources */ = {isa = PBXBuildFile; fileRef = 84654CC21F96418200E5092E /* AppDelegate.m */; };
		84654CC91F96418200E5092E /* Main.storyboard in Resources */ = {isa = PBXBuildFile; fileRef = 84654CC71F96418200E5092E /* Main.storyboard */; };
		84654CCE1F96418200E5092E /* LaunchScreen.storyboard in Resources */ = {isa = PBXBuildFile; fileRef = 84654CCC1F96418200E5092E /* LaunchScreen.storyboard */; };
		84654CD11F96418200E5092E /* main.m in Sources */ = {isa = PBXBuildFile; fileRef = 84654CD01F96418200E5092E /* main.m */; };
		84654CDB1F96418200E5092E /* YTWeatherTests.m in Sources */ = {isa = PBXBuildFile; fileRef = 84654CDA1F96418200E5092E /* YTWeatherTests.m */; };
		84654CE61F96418200E5092E /* YTWeatherUITests.m in Sources */ = {isa = PBXBuildFile; fileRef = 84654CE51F96418200E5092E /* YTWeatherUITests.m */; };
		84654D0E1F96476700E5092E /* YTSettingViewController.m in Sources */ = {isa = PBXBuildFile; fileRef = 84654D0C1F96476700E5092E /* YTSettingViewController.m */; };
		84654D0F1F96476700E5092E /* YTSettingViewController.xib in Resources */ = {isa = PBXBuildFile; fileRef = 84654D0D1F96476700E5092E /* YTSettingViewController.xib */; };
		84654D131F96477E00E5092E /* YTMainViewController.m in Sources */ = {isa = PBXBuildFile; fileRef = 84654D111F96477E00E5092E /* YTMainViewController.m */; };
		84654D141F96477E00E5092E /* YTMainViewController.xib in Resources */ = {isa = PBXBuildFile; fileRef = 84654D121F96477E00E5092E /* YTMainViewController.xib */; };
		84654D171F96479F00E5092E /* YTWeatherModel.m in Sources */ = {isa = PBXBuildFile; fileRef = 84654D161F96479F00E5092E /* YTWeatherModel.m */; };
		84654D1A1F9647B800E5092E /* YTMainView.m in Sources */ = {isa = PBXBuildFile; fileRef = 84654D191F9647B800E5092E /* YTMainView.m */; };
		84654D1C1F964F4000E5092E /* YTMainView.xib in Resources */ = {isa = PBXBuildFile; fileRef = 84654D1B1F964F3F00E5092E /* YTMainView.xib */; };
		847AD6A71FA9A29C00837534 /* YTMainCustomNavigationBar.m in Sources */ = {isa = PBXBuildFile; fileRef = 847AD6A21FA9A29C00837534 /* YTMainCustomNavigationBar.m */; };
		847AD6A81FA9A29C00837534 /* YTMainCustomNavigationBar.xib in Resources */ = {isa = PBXBuildFile; fileRef = 847AD6A31FA9A29C00837534 /* YTMainCustomNavigationBar.xib */; };
		847AD6A91FA9A29C00837534 /* YTCustomRefreshGifHeader.m in Sources */ = {isa = PBXBuildFile; fileRef = 847AD6A61FA9A29C00837534 /* YTCustomRefreshGifHeader.m */; };
		847AD6B01FA9B29E00837534 /* YTLeftSlideTableViewToolCell.m in Sources */ = {isa = PBXBuildFile; fileRef = 847AD6AE1FA9B29E00837534 /* YTLeftSlideTableViewToolCell.m */; };
		847AD6B11FA9B29E00837534 /* YTLeftSlideTableViewToolCell.xib in Resources */ = {isa = PBXBuildFile; fileRef = 847AD6AF1FA9B29E00837534 /* YTLeftSlideTableViewToolCell.xib */; };
		84906B971FB9936600719944 /* ShangHaiGPX.gpx in Resources */ = {isa = PBXBuildFile; fileRef = 84906B961FB9936600719944 /* ShangHaiGPX.gpx */; };
		84906B9B1FB9A9A300719944 /* YTLoginViewController.m in Sources */ = {isa = PBXBuildFile; fileRef = 84906B991FB9A9A300719944 /* YTLoginViewController.m */; };
		84906B9C1FB9A9A300719944 /* YTLoginViewController.xib in Resources */ = {isa = PBXBuildFile; fileRef = 84906B9A1FB9A9A300719944 /* YTLoginViewController.xib */; };
		84906BA61FBACE3A00719944 /* YTHourlyForecastCollectionViewCell.m in Sources */ = {isa = PBXBuildFile; fileRef = 84906BA41FBACE3A00719944 /* YTHourlyForecastCollectionViewCell.m */; };
		84906BA71FBACE3A00719944 /* YTHourlyForecastCollectionViewCell.xib in Resources */ = {isa = PBXBuildFile; fileRef = 84906BA51FBACE3A00719944 /* YTHourlyForecastCollectionViewCell.xib */; };
		84A2216D1FA9B67B0029BB28 /* YTLeftSlideTableViewNoticeCell.m in Sources */ = {isa = PBXBuildFile; fileRef = 84A2216B1FA9B67B0029BB28 /* YTLeftSlideTableViewNoticeCell.m */; };
		84A2216E1FA9B67B0029BB28 /* YTLeftSlideTableViewNoticeCell.xib in Resources */ = {isa = PBXBuildFile; fileRef = 84A2216C1FA9B67B0029BB28 /* YTLeftSlideTableViewNoticeCell.xib */; };
		84A627581F970EE400EE29D5 /* YTMainAdvertisingTableViewCell.m in Sources */ = {isa = PBXBuildFile; fileRef = 84A627561F970EE400EE29D5 /* YTMainAdvertisingTableViewCell.m */; };
		84A627591F970EE400EE29D5 /* YTMainAdvertisingTableViewCell.xib in Resources */ = {isa = PBXBuildFile; fileRef = 84A627571F970EE400EE29D5 /* YTMainAdvertisingTableViewCell.xib */; };
		84A6275D1F970EF300EE29D5 /* YTMainDetailTableViewCell.m in Sources */ = {isa = PBXBuildFile; fileRef = 84A6275B1F970EF300EE29D5 /* YTMainDetailTableViewCell.m */; };
		84A6275E1F970EF300EE29D5 /* YTMainDetailTableViewCell.xib in Resources */ = {isa = PBXBuildFile; fileRef = 84A6275C1F970EF300EE29D5 /* YTMainDetailTableViewCell.xib */; };
		84A627621F970F0000EE29D5 /* YTMainMapTableViewCell.m in Sources */ = {isa = PBXBuildFile; fileRef = 84A627601F970F0000EE29D5 /* YTMainMapTableViewCell.m */; };
		84A627631F970F0000EE29D5 /* YTMainMapTableViewCell.xib in Resources */ = {isa = PBXBuildFile; fileRef = 84A627611F970F0000EE29D5 /* YTMainMapTableViewCell.xib */; };
		84A627671F970F1E00EE29D5 /* YTMainPrecipitationTableViewCell.m in Sources */ = {isa = PBXBuildFile; fileRef = 84A627651F970F1E00EE29D5 /* YTMainPrecipitationTableViewCell.m */; };
		84A627681F970F1E00EE29D5 /* YTMainPrecipitationTableViewCell.xib in Resources */ = {isa = PBXBuildFile; fileRef = 84A627661F970F1E00EE29D5 /* YTMainPrecipitationTableViewCell.xib */; };
		84A6276C1F970F2D00EE29D5 /* YTMainSunAndWindTableViewCell.m in Sources */ = {isa = PBXBuildFile; fileRef = 84A6276A1F970F2D00EE29D5 /* YTMainSunAndWindTableViewCell.m */; };
		84A6276D1F970F2D00EE29D5 /* YTMainSunAndWindTableViewCell.xib in Resources */ = {isa = PBXBuildFile; fileRef = 84A6276B1F970F2D00EE29D5 /* YTMainSunAndWindTableViewCell.xib */; };
		84A6277B1F9713EB00EE29D5 /* YTMainRequestNetworkTool.m in Sources */ = {isa = PBXBuildFile; fileRef = 84A6277A1F9713EB00EE29D5 /* YTMainRequestNetworkTool.m */; };
		84A627871F97257100EE29D5 /* YTWeatherBasicModel.m in Sources */ = {isa = PBXBuildFile; fileRef = 84A627861F97257100EE29D5 /* YTWeatherBasicModel.m */; };
		84A627901F9725A000EE29D5 /* YTWeatherNowModel.m in Sources */ = {isa = PBXBuildFile; fileRef = 84A6278F1F9725A000EE29D5 /* YTWeatherNowModel.m */; };
		84BF6F6B1F9DC92400F93B83 /* YTMainForecastTableViewCell.m in Sources */ = {isa = PBXBuildFile; fileRef = 84BF6F671F9DC92300F93B83 /* YTMainForecastTableViewCell.m */; };
		84BF6F6C1F9DC92400F93B83 /* YTMainForecastTableViewCell.xib in Resources */ = {isa = PBXBuildFile; fileRef = 84BF6F681F9DC92300F93B83 /* YTMainForecastTableViewCell.xib */; };
		84BF6F701F9DC92F00F93B83 /* YTMainTableHeaderView.xib in Resources */ = {isa = PBXBuildFile; fileRef = 84BF6F6D1F9DC92F00F93B83 /* YTMainTableHeaderView.xib */; };
		84BF6F711F9DC92F00F93B83 /* YTMainTableHeaderView.m in Sources */ = {isa = PBXBuildFile; fileRef = 84BF6F6E1F9DC92F00F93B83 /* YTMainTableHeaderView.m */; };
		84D4FC611F974C7D000B62A3 /* Assets.xcassets in Resources */ = {isa = PBXBuildFile; fileRef = 84D4FC601F974C7D000B62A3 /* Assets.xcassets */; };
		84E99C811FAC21570071C160 /* NSString+YT.m in Sources */ = {isa = PBXBuildFile; fileRef = 84E99C801FAC21570071C160 /* NSString+YT.m */; };
		84E99C841FAC25690071C160 /* NSURL+YT.m in Sources */ = {isa = PBXBuildFile; fileRef = 84E99C831FAC25690071C160 /* NSURL+YT.m */; };
		84E99C881FAC44000071C160 /* YTDailyForecastTableViewCell.m in Sources */ = {isa = PBXBuildFile; fileRef = 84E99C861FAC44000071C160 /* YTDailyForecastTableViewCell.m */; };
		84E99C891FAC44000071C160 /* YTDailyForecastTableViewCell.xib in Resources */ = {isa = PBXBuildFile; fileRef = 84E99C871FAC44000071C160 /* YTDailyForecastTableViewCell.xib */; };
		84E99C8B1FB055C30071C160 /* YTMainSunAndWindDrawView.xib in Resources */ = {isa = PBXBuildFile; fileRef = 84E99C8A1FB055C30071C160 /* YTMainSunAndWindDrawView.xib */; };
		84E99C8E1FB14EFF0071C160 /* YTWeatherAirModel.m in Sources */ = {isa = PBXBuildFile; fileRef = 84E99C8D1FB14EFF0071C160 /* YTWeatherAirModel.m */; };
		84EE90B51F99E81100CA21D4 /* YTCitySearchModel.m in Sources */ = {isa = PBXBuildFile; fileRef = 84EE90B41F99E81100CA21D4 /* YTCitySearchModel.m */; };
		84EFBB331F9F2EB0004839E8 /* YTMainSunAndWindDrawView.m in Sources */ = {isa = PBXBuildFile; fileRef = 84EFBB321F9F2EB0004839E8 /* YTMainSunAndWindDrawView.m */; };
		84F6872B1F9ED33500C3A4AB /* YTMainEmptyTableViewCell.m in Sources */ = {isa = PBXBuildFile; fileRef = 84F687291F9ED33500C3A4AB /* YTMainEmptyTableViewCell.m */; };
		84F6872C1F9ED33500C3A4AB /* YTMainEmptyTableViewCell.xib in Resources */ = {isa = PBXBuildFile; fileRef = 84F6872A1F9ED33500C3A4AB /* YTMainEmptyTableViewCell.xib */; };
/* End PBXBuildFile section */

/* Begin PBXContainerItemProxy section */
		84654CD71F96418200E5092E /* PBXContainerItemProxy */ = {
			isa = PBXContainerItemProxy;
			containerPortal = 84654CB61F96418200E5092E /* Project object */;
			proxyType = 1;
			remoteGlobalIDString = 84654CBD1F96418200E5092E;
			remoteInfo = YTWeather;
		};
		84654CE21F96418200E5092E /* PBXContainerItemProxy */ = {
			isa = PBXContainerItemProxy;
			containerPortal = 84654CB61F96418200E5092E /* Project object */;
			proxyType = 1;
			remoteGlobalIDString = 84654CBD1F96418200E5092E;
			remoteInfo = YTWeather;
		};
/* End PBXContainerItemProxy section */

/* Begin PBXFileReference section */
		3DFFB929967DD13412DE8194 /* libPods-YTWeather.a */ = {isa = PBXFileReference; explicitFileType = archive.ar; includeInIndex = 0; path = "libPods-YTWeather.a"; sourceTree = BUILT_PRODUCTS_DIR; };
		3FADEAE9FFC02DCB39C0752B /* Pods-YTWeather.debug.xcconfig */ = {isa = PBXFileReference; includeInIndex = 1; lastKnownFileType = text.xcconfig; name = "Pods-YTWeather.debug.xcconfig"; path = "Pods/Target Support Files/Pods-YTWeather/Pods-YTWeather.debug.xcconfig"; sourceTree = "<group>"; };
		840BD1051F988EBF00F4B004 /* YTWeatherDailyForecastModel.h */ = {isa = PBXFileReference; lastKnownFileType = sourcecode.c.h; path = YTWeatherDailyForecastModel.h; sourceTree = "<group>"; };
		840BD1061F988EBF00F4B004 /* YTWeatherDailyForecastModel.m */ = {isa = PBXFileReference; lastKnownFileType = sourcecode.c.objc; path = YTWeatherDailyForecastModel.m; sourceTree = "<group>"; };
		840BD1081F988EDA00F4B004 /* YTWeatherHourlyForecastModel.h */ = {isa = PBXFileReference; lastKnownFileType = sourcecode.c.h; path = YTWeatherHourlyForecastModel.h; sourceTree = "<group>"; };
		840BD1091F988EDA00F4B004 /* YTWeatherHourlyForecastModel.m */ = {isa = PBXFileReference; lastKnownFileType = sourcecode.c.objc; path = YTWeatherHourlyForecastModel.m; sourceTree = "<group>"; };
		840BD1141F999A0B00F4B004 /* cityCode.plist */ = {isa = PBXFileReference; fileEncoding = 4; lastKnownFileType = text.plist.xml; path = cityCode.plist; sourceTree = "<group>"; };
		840BD1151F999A0B00F4B004 /* weatherCode.plist */ = {isa = PBXFileReference; fileEncoding = 4; lastKnownFileType = text.plist.xml; path = weatherCode.plist; sourceTree = "<group>"; };
		840D47AB1FA3229400AAADC9 /* YTWeatherUpdateModel.h */ = {isa = PBXFileReference; lastKnownFileType = sourcecode.c.h; path = YTWeatherUpdateModel.h; sourceTree = "<group>"; };
		840D47AC1FA3229400AAADC9 /* YTWeatherUpdateModel.m */ = {isa = PBXFileReference; lastKnownFileType = sourcecode.c.objc; path = YTWeatherUpdateModel.m; sourceTree = "<group>"; };
		840D47AE1FA322C500AAADC9 /* YTWeatherLifestyleModel.h */ = {isa = PBXFileReference; lastKnownFileType = sourcecode.c.h; path = YTWeatherLifestyleModel.h; sourceTree = "<group>"; };
		840D47AF1FA322C500AAADC9 /* YTWeatherLifestyleModel.m */ = {isa = PBXFileReference; lastKnownFileType = sourcecode.c.objc; path = YTWeatherLifestyleModel.m; sourceTree = "<group>"; };
		8450CA401FA9636A006344F1 /* YTLeftSlideTableViewNormalCell.h */ = {isa = PBXFileReference; lastKnownFileType = sourcecode.c.h; path = YTLeftSlideTableViewNormalCell.h; sourceTree = "<group>"; };
		8450CA411FA9636A006344F1 /* YTLeftSlideTableViewNormalCell.m */ = {isa = PBXFileReference; lastKnownFileType = sourcecode.c.objc; path = YTLeftSlideTableViewNormalCell.m; sourceTree = "<group>"; };
		8450CA421FA9636A006344F1 /* YTLeftSlideTableViewNormalCell.xib */ = {isa = PBXFileReference; lastKnownFileType = file.xib; path = YTLeftSlideTableViewNormalCell.xib; sourceTree = "<group>"; };
		8450CA451FA96607006344F1 /* YTLeftSlideView.h */ = {isa = PBXFileReference; lastKnownFileType = sourcecode.c.h; path = YTLeftSlideView.h; sourceTree = "<group>"; };
		8450CA461FA96607006344F1 /* YTLeftSlideView.m */ = {isa = PBXFileReference; lastKnownFileType = sourcecode.c.objc; path = YTLeftSlideView.m; sourceTree = "<group>"; };
		8450CA481FA96628006344F1 /* YTLeftSlideView.xib */ = {isa = PBXFileReference; lastKnownFileType = file.xib; path = YTLeftSlideView.xib; sourceTree = "<group>"; };
		846007671FA7079100A2F403 /* YTCustomNavViewController.h */ = {isa = PBXFileReference; fileEncoding = 4; lastKnownFileType = sourcecode.c.h; path = YTCustomNavViewController.h; sourceTree = "<group>"; };
		846007681FA7079100A2F403 /* YTCustomNavViewController.m */ = {isa = PBXFileReference; fileEncoding = 4; lastKnownFileType = sourcecode.c.objc; path = YTCustomNavViewController.m; sourceTree = "<group>"; };
		846007691FA7079100A2F403 /* YTCustomNavViewController.xib */ = {isa = PBXFileReference; fileEncoding = 4; lastKnownFileType = file.xib; path = YTCustomNavViewController.xib; sourceTree = "<group>"; };
		8460076C1FA7079100A2F403 /* YTLaunchADViewController.h */ = {isa = PBXFileReference; fileEncoding = 4; lastKnownFileType = sourcecode.c.h; path = YTLaunchADViewController.h; sourceTree = "<group>"; };
		8460076D1FA7079100A2F403 /* YTLaunchADViewController.m */ = {isa = PBXFileReference; fileEncoding = 4; lastKnownFileType = sourcecode.c.objc; path = YTLaunchADViewController.m; sourceTree = "<group>"; };
		8460076E1FA7079100A2F403 /* YTLaunchADViewController.xib */ = {isa = PBXFileReference; fileEncoding = 4; lastKnownFileType = file.xib; path = YTLaunchADViewController.xib; sourceTree = "<group>"; };
		8460076F1FA7079100A2F403 /* YTNewFeatureViewController.h */ = {isa = PBXFileReference; fileEncoding = 4; lastKnownFileType = sourcecode.c.h; path = YTNewFeatureViewController.h; sourceTree = "<group>"; };
		846007701FA7079100A2F403 /* YTNewFeatureViewController.m */ = {isa = PBXFileReference; fileEncoding = 4; lastKnownFileType = sourcecode.c.objc; path = YTNewFeatureViewController.m; sourceTree = "<group>"; };
		846007711FA7079100A2F403 /* YTNewFeatureViewController.xib */ = {isa = PBXFileReference; fileEncoding = 4; lastKnownFileType = file.xib; path = YTNewFeatureViewController.xib; sourceTree = "<group>"; };
		846007731FA7079100A2F403 /* UIColor+ColorChange.h */ = {isa = PBXFileReference; fileEncoding = 4; lastKnownFileType = sourcecode.c.h; path = "UIColor+ColorChange.h"; sourceTree = "<group>"; };
		846007741FA7079100A2F403 /* UIColor+ColorChange.m */ = {isa = PBXFileReference; fileEncoding = 4; lastKnownFileType = sourcecode.c.objc; path = "UIColor+ColorChange.m"; sourceTree = "<group>"; };
		846007751FA7079100A2F403 /* UIView+YT.h */ = {isa = PBXFileReference; fileEncoding = 4; lastKnownFileType = sourcecode.c.h; path = "UIView+YT.h"; sourceTree = "<group>"; };
		846007761FA7079100A2F403 /* UIView+YT.m */ = {isa = PBXFileReference; fileEncoding = 4; lastKnownFileType = sourcecode.c.objc; path = "UIView+YT.m"; sourceTree = "<group>"; };
		8460077F1FA85DC500A2F403 /* YTSearchViewController.h */ = {isa = PBXFileReference; lastKnownFileType = sourcecode.c.h; path = YTSearchViewController.h; sourceTree = "<group>"; };
		846007801FA85DC500A2F403 /* YTSearchViewController.m */ = {isa = PBXFileReference; lastKnownFileType = sourcecode.c.objc; path = YTSearchViewController.m; sourceTree = "<group>"; };
		846007811FA85DC500A2F403 /* YTSearchViewController.xib */ = {isa = PBXFileReference; lastKnownFileType = file.xib; path = YTSearchViewController.xib; sourceTree = "<group>"; };
		84654CBE1F96418200E5092E /* YTWeather.app */ = {isa = PBXFileReference; explicitFileType = wrapper.application; includeInIndex = 0; path = YTWeather.app; sourceTree = BUILT_PRODUCTS_DIR; };
		84654CC11F96418200E5092E /* AppDelegate.h */ = {isa = PBXFileReference; lastKnownFileType = sourcecode.c.h; path = AppDelegate.h; sourceTree = "<group>"; };
		84654CC21F96418200E5092E /* AppDelegate.m */ = {isa = PBXFileReference; lastKnownFileType = sourcecode.c.objc; path = AppDelegate.m; sourceTree = "<group>"; };
		84654CC81F96418200E5092E /* Base */ = {isa = PBXFileReference; lastKnownFileType = file.storyboard; name = Base; path = Base.lproj/Main.storyboard; sourceTree = "<group>"; };
		84654CCD1F96418200E5092E /* Base */ = {isa = PBXFileReference; lastKnownFileType = file.storyboard; name = Base; path = Base.lproj/LaunchScreen.storyboard; sourceTree = "<group>"; };
		84654CCF1F96418200E5092E /* Info.plist */ = {isa = PBXFileReference; lastKnownFileType = text.plist.xml; path = Info.plist; sourceTree = "<group>"; };
		84654CD01F96418200E5092E /* main.m */ = {isa = PBXFileReference; lastKnownFileType = sourcecode.c.objc; path = main.m; sourceTree = "<group>"; };
		84654CD61F96418200E5092E /* YTWeatherTests.xctest */ = {isa = PBXFileReference; explicitFileType = wrapper.cfbundle; includeInIndex = 0; path = YTWeatherTests.xctest; sourceTree = BUILT_PRODUCTS_DIR; };
		84654CDA1F96418200E5092E /* YTWeatherTests.m */ = {isa = PBXFileReference; lastKnownFileType = sourcecode.c.objc; path = YTWeatherTests.m; sourceTree = "<group>"; };
		84654CDC1F96418200E5092E /* Info.plist */ = {isa = PBXFileReference; lastKnownFileType = text.plist.xml; path = Info.plist; sourceTree = "<group>"; };
		84654CE11F96418200E5092E /* YTWeatherUITests.xctest */ = {isa = PBXFileReference; explicitFileType = wrapper.cfbundle; includeInIndex = 0; path = YTWeatherUITests.xctest; sourceTree = BUILT_PRODUCTS_DIR; };
		84654CE51F96418200E5092E /* YTWeatherUITests.m */ = {isa = PBXFileReference; lastKnownFileType = sourcecode.c.objc; path = YTWeatherUITests.m; sourceTree = "<group>"; };
		84654CE71F96418200E5092E /* Info.plist */ = {isa = PBXFileReference; lastKnownFileType = text.plist.xml; path = Info.plist; sourceTree = "<group>"; };
		84654D0B1F96476700E5092E /* YTSettingViewController.h */ = {isa = PBXFileReference; lastKnownFileType = sourcecode.c.h; path = YTSettingViewController.h; sourceTree = "<group>"; };
		84654D0C1F96476700E5092E /* YTSettingViewController.m */ = {isa = PBXFileReference; lastKnownFileType = sourcecode.c.objc; path = YTSettingViewController.m; sourceTree = "<group>"; };
		84654D0D1F96476700E5092E /* YTSettingViewController.xib */ = {isa = PBXFileReference; lastKnownFileType = file.xib; path = YTSettingViewController.xib; sourceTree = "<group>"; };
		84654D101F96477E00E5092E /* YTMainViewController.h */ = {isa = PBXFileReference; lastKnownFileType = sourcecode.c.h; path = YTMainViewController.h; sourceTree = "<group>"; };
		84654D111F96477E00E5092E /* YTMainViewController.m */ = {isa = PBXFileReference; lastKnownFileType = sourcecode.c.objc; path = YTMainViewController.m; sourceTree = "<group>"; };
		84654D121F96477E00E5092E /* YTMainViewController.xib */ = {isa = PBXFileReference; lastKnownFileType = file.xib; path = YTMainViewController.xib; sourceTree = "<group>"; };
		84654D151F96479F00E5092E /* YTWeatherModel.h */ = {isa = PBXFileReference; lastKnownFileType = sourcecode.c.h; path = YTWeatherModel.h; sourceTree = "<group>"; };
		84654D161F96479F00E5092E /* YTWeatherModel.m */ = {isa = PBXFileReference; lastKnownFileType = sourcecode.c.objc; path = YTWeatherModel.m; sourceTree = "<group>"; };
		84654D181F9647B800E5092E /* YTMainView.h */ = {isa = PBXFileReference; lastKnownFileType = sourcecode.c.h; path = YTMainView.h; sourceTree = "<group>"; };
		84654D191F9647B800E5092E /* YTMainView.m */ = {isa = PBXFileReference; lastKnownFileType = sourcecode.c.objc; path = YTMainView.m; sourceTree = "<group>"; };
		84654D1B1F964F3F00E5092E /* YTMainView.xib */ = {isa = PBXFileReference; lastKnownFileType = file.xib; path = YTMainView.xib; sourceTree = "<group>"; };
		847AD6A11FA9A29C00837534 /* YTMainCustomNavigationBar.h */ = {isa = PBXFileReference; fileEncoding = 4; lastKnownFileType = sourcecode.c.h; path = YTMainCustomNavigationBar.h; sourceTree = "<group>"; };
		847AD6A21FA9A29C00837534 /* YTMainCustomNavigationBar.m */ = {isa = PBXFileReference; fileEncoding = 4; lastKnownFileType = sourcecode.c.objc; path = YTMainCustomNavigationBar.m; sourceTree = "<group>"; };
		847AD6A31FA9A29C00837534 /* YTMainCustomNavigationBar.xib */ = {isa = PBXFileReference; fileEncoding = 4; lastKnownFileType = file.xib; path = YTMainCustomNavigationBar.xib; sourceTree = "<group>"; };
		847AD6A51FA9A29C00837534 /* YTCustomRefreshGifHeader.h */ = {isa = PBXFileReference; fileEncoding = 4; lastKnownFileType = sourcecode.c.h; path = YTCustomRefreshGifHeader.h; sourceTree = "<group>"; };
		847AD6A61FA9A29C00837534 /* YTCustomRefreshGifHeader.m */ = {isa = PBXFileReference; fileEncoding = 4; lastKnownFileType = sourcecode.c.objc; path = YTCustomRefreshGifHeader.m; sourceTree = "<group>"; };
		847AD6AD1FA9B29E00837534 /* YTLeftSlideTableViewToolCell.h */ = {isa = PBXFileReference; lastKnownFileType = sourcecode.c.h; path = YTLeftSlideTableViewToolCell.h; sourceTree = "<group>"; };
		847AD6AE1FA9B29E00837534 /* YTLeftSlideTableViewToolCell.m */ = {isa = PBXFileReference; lastKnownFileType = sourcecode.c.objc; path = YTLeftSlideTableViewToolCell.m; sourceTree = "<group>"; };
		847AD6AF1FA9B29E00837534 /* YTLeftSlideTableViewToolCell.xib */ = {isa = PBXFileReference; lastKnownFileType = file.xib; path = YTLeftSlideTableViewToolCell.xib; sourceTree = "<group>"; };
		84906B961FB9936600719944 /* ShangHaiGPX.gpx */ = {isa = PBXFileReference; lastKnownFileType = text.xml; path = ShangHaiGPX.gpx; sourceTree = "<group>"; };
		84906B981FB9A9A300719944 /* YTLoginViewController.h */ = {isa = PBXFileReference; lastKnownFileType = sourcecode.c.h; path = YTLoginViewController.h; sourceTree = "<group>"; };
		84906B991FB9A9A300719944 /* YTLoginViewController.m */ = {isa = PBXFileReference; lastKnownFileType = sourcecode.c.objc; path = YTLoginViewController.m; sourceTree = "<group>"; };
		84906B9A1FB9A9A300719944 /* YTLoginViewController.xib */ = {isa = PBXFileReference; lastKnownFileType = file.xib; path = YTLoginViewController.xib; sourceTree = "<group>"; };
		84906BA31FBACE3A00719944 /* YTHourlyForecastCollectionViewCell.h */ = {isa = PBXFileReference; lastKnownFileType = sourcecode.c.h; path = YTHourlyForecastCollectionViewCell.h; sourceTree = "<group>"; };
		84906BA41FBACE3A00719944 /* YTHourlyForecastCollectionViewCell.m */ = {isa = PBXFileReference; lastKnownFileType = sourcecode.c.objc; path = YTHourlyForecastCollectionViewCell.m; sourceTree = "<group>"; };
		84906BA51FBACE3A00719944 /* YTHourlyForecastCollectionViewCell.xib */ = {isa = PBXFileReference; lastKnownFileType = file.xib; path = YTHourlyForecastCollectionViewCell.xib; sourceTree = "<group>"; };
		84A2216A1FA9B67B0029BB28 /* YTLeftSlideTableViewNoticeCell.h */ = {isa = PBXFileReference; lastKnownFileType = sourcecode.c.h; path = YTLeftSlideTableViewNoticeCell.h; sourceTree = "<group>"; };
		84A2216B1FA9B67B0029BB28 /* YTLeftSlideTableViewNoticeCell.m */ = {isa = PBXFileReference; lastKnownFileType = sourcecode.c.objc; path = YTLeftSlideTableViewNoticeCell.m; sourceTree = "<group>"; };
		84A2216C1FA9B67B0029BB28 /* YTLeftSlideTableViewNoticeCell.xib */ = {isa = PBXFileReference; lastKnownFileType = file.xib; path = YTLeftSlideTableViewNoticeCell.xib; sourceTree = "<group>"; };
		84A6274F1F96531C00EE29D5 /* PrefixHeader.pch */ = {isa = PBXFileReference; lastKnownFileType = sourcecode.c.h; path = PrefixHeader.pch; sourceTree = "<group>"; };
		84A627551F970EE400EE29D5 /* YTMainAdvertisingTableViewCell.h */ = {isa = PBXFileReference; lastKnownFileType = sourcecode.c.h; path = YTMainAdvertisingTableViewCell.h; sourceTree = "<group>"; };
		84A627561F970EE400EE29D5 /* YTMainAdvertisingTableViewCell.m */ = {isa = PBXFileReference; lastKnownFileType = sourcecode.c.objc; path = YTMainAdvertisingTableViewCell.m; sourceTree = "<group>"; };
		84A627571F970EE400EE29D5 /* YTMainAdvertisingTableViewCell.xib */ = {isa = PBXFileReference; lastKnownFileType = file.xib; path = YTMainAdvertisingTableViewCell.xib; sourceTree = "<group>"; };
		84A6275A1F970EF300EE29D5 /* YTMainDetailTableViewCell.h */ = {isa = PBXFileReference; lastKnownFileType = sourcecode.c.h; path = YTMainDetailTableViewCell.h; sourceTree = "<group>"; };
		84A6275B1F970EF300EE29D5 /* YTMainDetailTableViewCell.m */ = {isa = PBXFileReference; lastKnownFileType = sourcecode.c.objc; path = YTMainDetailTableViewCell.m; sourceTree = "<group>"; };
		84A6275C1F970EF300EE29D5 /* YTMainDetailTableViewCell.xib */ = {isa = PBXFileReference; lastKnownFileType = file.xib; path = YTMainDetailTableViewCell.xib; sourceTree = "<group>"; };
		84A6275F1F970F0000EE29D5 /* YTMainMapTableViewCell.h */ = {isa = PBXFileReference; lastKnownFileType = sourcecode.c.h; path = YTMainMapTableViewCell.h; sourceTree = "<group>"; };
		84A627601F970F0000EE29D5 /* YTMainMapTableViewCell.m */ = {isa = PBXFileReference; lastKnownFileType = sourcecode.c.objc; path = YTMainMapTableViewCell.m; sourceTree = "<group>"; };
		84A627611F970F0000EE29D5 /* YTMainMapTableViewCell.xib */ = {isa = PBXFileReference; lastKnownFileType = file.xib; path = YTMainMapTableViewCell.xib; sourceTree = "<group>"; };
		84A627641F970F1E00EE29D5 /* YTMainPrecipitationTableViewCell.h */ = {isa = PBXFileReference; lastKnownFileType = sourcecode.c.h; path = YTMainPrecipitationTableViewCell.h; sourceTree = "<group>"; };
		84A627651F970F1E00EE29D5 /* YTMainPrecipitationTableViewCell.m */ = {isa = PBXFileReference; lastKnownFileType = sourcecode.c.objc; path = YTMainPrecipitationTableViewCell.m; sourceTree = "<group>"; };
		84A627661F970F1E00EE29D5 /* YTMainPrecipitationTableViewCell.xib */ = {isa = PBXFileReference; lastKnownFileType = file.xib; path = YTMainPrecipitationTableViewCell.xib; sourceTree = "<group>"; };
		84A627691F970F2D00EE29D5 /* YTMainSunAndWindTableViewCell.h */ = {isa = PBXFileReference; lastKnownFileType = sourcecode.c.h; path = YTMainSunAndWindTableViewCell.h; sourceTree = "<group>"; };
		84A6276A1F970F2D00EE29D5 /* YTMainSunAndWindTableViewCell.m */ = {isa = PBXFileReference; lastKnownFileType = sourcecode.c.objc; path = YTMainSunAndWindTableViewCell.m; sourceTree = "<group>"; };
		84A6276B1F970F2D00EE29D5 /* YTMainSunAndWindTableViewCell.xib */ = {isa = PBXFileReference; lastKnownFileType = file.xib; path = YTMainSunAndWindTableViewCell.xib; sourceTree = "<group>"; };
		84A627791F9713EB00EE29D5 /* YTMainRequestNetworkTool.h */ = {isa = PBXFileReference; lastKnownFileType = sourcecode.c.h; path = YTMainRequestNetworkTool.h; sourceTree = "<group>"; };
		84A6277A1F9713EB00EE29D5 /* YTMainRequestNetworkTool.m */ = {isa = PBXFileReference; lastKnownFileType = sourcecode.c.objc; path = YTMainRequestNetworkTool.m; sourceTree = "<group>"; };
		84A627851F97257100EE29D5 /* YTWeatherBasicModel.h */ = {isa = PBXFileReference; lastKnownFileType = sourcecode.c.h; path = YTWeatherBasicModel.h; sourceTree = "<group>"; };
		84A627861F97257100EE29D5 /* YTWeatherBasicModel.m */ = {isa = PBXFileReference; lastKnownFileType = sourcecode.c.objc; path = YTWeatherBasicModel.m; sourceTree = "<group>"; };
		84A6278E1F9725A000EE29D5 /* YTWeatherNowModel.h */ = {isa = PBXFileReference; lastKnownFileType = sourcecode.c.h; path = YTWeatherNowModel.h; sourceTree = "<group>"; };
		84A6278F1F9725A000EE29D5 /* YTWeatherNowModel.m */ = {isa = PBXFileReference; lastKnownFileType = sourcecode.c.objc; path = YTWeatherNowModel.m; sourceTree = "<group>"; };
		84BF6F661F9DC92300F93B83 /* YTMainForecastTableViewCell.h */ = {isa = PBXFileReference; fileEncoding = 4; lastKnownFileType = sourcecode.c.h; path = YTMainForecastTableViewCell.h; sourceTree = "<group>"; };
		84BF6F671F9DC92300F93B83 /* YTMainForecastTableViewCell.m */ = {isa = PBXFileReference; fileEncoding = 4; lastKnownFileType = sourcecode.c.objc; path = YTMainForecastTableViewCell.m; sourceTree = "<group>"; };
		84BF6F681F9DC92300F93B83 /* YTMainForecastTableViewCell.xib */ = {isa = PBXFileReference; fileEncoding = 4; lastKnownFileType = file.xib; path = YTMainForecastTableViewCell.xib; sourceTree = "<group>"; };
		84BF6F6D1F9DC92F00F93B83 /* YTMainTableHeaderView.xib */ = {isa = PBXFileReference; fileEncoding = 4; lastKnownFileType = file.xib; path = YTMainTableHeaderView.xib; sourceTree = "<group>"; };
		84BF6F6E1F9DC92F00F93B83 /* YTMainTableHeaderView.m */ = {isa = PBXFileReference; fileEncoding = 4; lastKnownFileType = sourcecode.c.objc; path = YTMainTableHeaderView.m; sourceTree = "<group>"; };
		84BF6F6F1F9DC92F00F93B83 /* YTMainTableHeaderView.h */ = {isa = PBXFileReference; fileEncoding = 4; lastKnownFileType = sourcecode.c.h; path = YTMainTableHeaderView.h; sourceTree = "<group>"; };
		84D4FC601F974C7D000B62A3 /* Assets.xcassets */ = {isa = PBXFileReference; lastKnownFileType = folder.assetcatalog; path = Assets.xcassets; sourceTree = "<group>"; };
		84E99C7F1FAC21570071C160 /* NSString+YT.h */ = {isa = PBXFileReference; lastKnownFileType = sourcecode.c.h; path = "NSString+YT.h"; sourceTree = "<group>"; };
		84E99C801FAC21570071C160 /* NSString+YT.m */ = {isa = PBXFileReference; lastKnownFileType = sourcecode.c.objc; path = "NSString+YT.m"; sourceTree = "<group>"; };
		84E99C821FAC25690071C160 /* NSURL+YT.h */ = {isa = PBXFileReference; lastKnownFileType = sourcecode.c.h; path = "NSURL+YT.h"; sourceTree = "<group>"; };
		84E99C831FAC25690071C160 /* NSURL+YT.m */ = {isa = PBXFileReference; lastKnownFileType = sourcecode.c.objc; path = "NSURL+YT.m"; sourceTree = "<group>"; };
		84E99C851FAC44000071C160 /* YTDailyForecastTableViewCell.h */ = {isa = PBXFileReference; lastKnownFileType = sourcecode.c.h; path = YTDailyForecastTableViewCell.h; sourceTree = "<group>"; };
		84E99C861FAC44000071C160 /* YTDailyForecastTableViewCell.m */ = {isa = PBXFileReference; lastKnownFileType = sourcecode.c.objc; path = YTDailyForecastTableViewCell.m; sourceTree = "<group>"; };
		84E99C871FAC44000071C160 /* YTDailyForecastTableViewCell.xib */ = {isa = PBXFileReference; lastKnownFileType = file.xib; path = YTDailyForecastTableViewCell.xib; sourceTree = "<group>"; };
		84E99C8A1FB055C30071C160 /* YTMainSunAndWindDrawView.xib */ = {isa = PBXFileReference; lastKnownFileType = file.xib; path = YTMainSunAndWindDrawView.xib; sourceTree = "<group>"; };
		84E99C8C1FB14EFF0071C160 /* YTWeatherAirModel.h */ = {isa = PBXFileReference; lastKnownFileType = sourcecode.c.h; path = YTWeatherAirModel.h; sourceTree = "<group>"; };
		84E99C8D1FB14EFF0071C160 /* YTWeatherAirModel.m */ = {isa = PBXFileReference; lastKnownFileType = sourcecode.c.objc; path = YTWeatherAirModel.m; sourceTree = "<group>"; };
		84EE90B31F99E81100CA21D4 /* YTCitySearchModel.h */ = {isa = PBXFileReference; lastKnownFileType = sourcecode.c.h; path = YTCitySearchModel.h; sourceTree = "<group>"; };
		84EE90B41F99E81100CA21D4 /* YTCitySearchModel.m */ = {isa = PBXFileReference; lastKnownFileType = sourcecode.c.objc; path = YTCitySearchModel.m; sourceTree = "<group>"; };
		84EFBB311F9F2EB0004839E8 /* YTMainSunAndWindDrawView.h */ = {isa = PBXFileReference; lastKnownFileType = sourcecode.c.h; path = YTMainSunAndWindDrawView.h; sourceTree = "<group>"; };
		84EFBB321F9F2EB0004839E8 /* YTMainSunAndWindDrawView.m */ = {isa = PBXFileReference; lastKnownFileType = sourcecode.c.objc; path = YTMainSunAndWindDrawView.m; sourceTree = "<group>"; };
		84F687281F9ED33500C3A4AB /* YTMainEmptyTableViewCell.h */ = {isa = PBXFileReference; lastKnownFileType = sourcecode.c.h; path = YTMainEmptyTableViewCell.h; sourceTree = "<group>"; };
		84F687291F9ED33500C3A4AB /* YTMainEmptyTableViewCell.m */ = {isa = PBXFileReference; lastKnownFileType = sourcecode.c.objc; path = YTMainEmptyTableViewCell.m; sourceTree = "<group>"; };
		84F6872A1F9ED33500C3A4AB /* YTMainEmptyTableViewCell.xib */ = {isa = PBXFileReference; lastKnownFileType = file.xib; path = YTMainEmptyTableViewCell.xib; sourceTree = "<group>"; };
		8BCAB6BDD51500CF0E110411 /* Pods-YTWeather.release.xcconfig */ = {isa = PBXFileReference; includeInIndex = 1; lastKnownFileType = text.xcconfig; name = "Pods-YTWeather.release.xcconfig"; path = "Pods/Target Support Files/Pods-YTWeather/Pods-YTWeather.release.xcconfig"; sourceTree = "<group>"; };
/* End PBXFileReference section */

/* Begin PBXFrameworksBuildPhase section */
		84654CBB1F96418200E5092E /* Frameworks */ = {
			isa = PBXFrameworksBuildPhase;
			buildActionMask = 2147483647;
			files = (
				664D8226FFBF7BA3A378C83B /* libPods-YTWeather.a in Frameworks */,
			);
			runOnlyForDeploymentPostprocessing = 0;
		};
		84654CD31F96418200E5092E /* Frameworks */ = {
			isa = PBXFrameworksBuildPhase;
			buildActionMask = 2147483647;
			files = (
			);
			runOnlyForDeploymentPostprocessing = 0;
		};
		84654CDE1F96418200E5092E /* Frameworks */ = {
			isa = PBXFrameworksBuildPhase;
			buildActionMask = 2147483647;
			files = (
			);
			runOnlyForDeploymentPostprocessing = 0;
		};
/* End PBXFrameworksBuildPhase section */

/* Begin PBXGroup section */
		3C96C7C96399474661D79E68 /* Frameworks */ = {
			isa = PBXGroup;
			children = (
				3DFFB929967DD13412DE8194 /* libPods-YTWeather.a */,
			);
			name = Frameworks;
			sourceTree = "<group>";
		};
		846007641FA7079100A2F403 /* Guide & Launch */ = {
			isa = PBXGroup;
			children = (
				846007651FA7079100A2F403 /* Guide Page */,
				8460076A1FA7079100A2F403 /* Launch Page */,
			);
			path = "Guide & Launch";
			sourceTree = "<group>";
		};
		846007651FA7079100A2F403 /* Guide Page */ = {
			isa = PBXGroup;
			children = (
				846007661FA7079100A2F403 /* controller */,
			);
			path = "Guide Page";
			sourceTree = "<group>";
		};
		846007661FA7079100A2F403 /* controller */ = {
			isa = PBXGroup;
			children = (
				846007671FA7079100A2F403 /* YTCustomNavViewController.h */,
				846007681FA7079100A2F403 /* YTCustomNavViewController.m */,
				846007691FA7079100A2F403 /* YTCustomNavViewController.xib */,
			);
			path = controller;
			sourceTree = "<group>";
		};
		8460076A1FA7079100A2F403 /* Launch Page */ = {
			isa = PBXGroup;
			children = (
				8460076B1FA7079100A2F403 /* Controller */,
			);
			path = "Launch Page";
			sourceTree = "<group>";
		};
		8460076B1FA7079100A2F403 /* Controller */ = {
			isa = PBXGroup;
			children = (
				8460076C1FA7079100A2F403 /* YTLaunchADViewController.h */,
				8460076D1FA7079100A2F403 /* YTLaunchADViewController.m */,
				8460076E1FA7079100A2F403 /* YTLaunchADViewController.xib */,
				8460076F1FA7079100A2F403 /* YTNewFeatureViewController.h */,
				846007701FA7079100A2F403 /* YTNewFeatureViewController.m */,
				846007711FA7079100A2F403 /* YTNewFeatureViewController.xib */,
			);
			path = Controller;
			sourceTree = "<group>";
		};
		846007721FA7079100A2F403 /* Category */ = {
			isa = PBXGroup;
			children = (
				846007731FA7079100A2F403 /* UIColor+ColorChange.h */,
				846007741FA7079100A2F403 /* UIColor+ColorChange.m */,
				846007751FA7079100A2F403 /* UIView+YT.h */,
				846007761FA7079100A2F403 /* UIView+YT.m */,
				84E99C7F1FAC21570071C160 /* NSString+YT.h */,
				84E99C801FAC21570071C160 /* NSString+YT.m */,
				84E99C821FAC25690071C160 /* NSURL+YT.h */,
				84E99C831FAC25690071C160 /* NSURL+YT.m */,
			);
			path = Category;
			sourceTree = "<group>";
		};
		84654CB51F96418200E5092E = {
			isa = PBXGroup;
			children = (
				84654CC01F96418200E5092E /* YTWeather */,
				84654CD91F96418200E5092E /* YTWeatherTests */,
				84654CE41F96418200E5092E /* YTWeatherUITests */,
				84654CBF1F96418200E5092E /* Products */,
				BE0D3A0289394C6A0A2C781C /* Pods */,
				3C96C7C96399474661D79E68 /* Frameworks */,
			);
			sourceTree = "<group>";
		};
		84654CBF1F96418200E5092E /* Products */ = {
			isa = PBXGroup;
			children = (
				84654CBE1F96418200E5092E /* YTWeather.app */,
				84654CD61F96418200E5092E /* YTWeatherTests.xctest */,
				84654CE11F96418200E5092E /* YTWeatherUITests.xctest */,
			);
			name = Products;
			sourceTree = "<group>";
		};
		84654CC01F96418200E5092E /* YTWeather */ = {
			isa = PBXGroup;
			children = (
				84654CC11F96418200E5092E /* AppDelegate.h */,
				84654CC21F96418200E5092E /* AppDelegate.m */,
				84654CF31F9646D700E5092E /* MainViewController */,
				846007721FA7079100A2F403 /* Category */,
				846007641FA7079100A2F403 /* Guide & Launch */,
				84D4FC601F974C7D000B62A3 /* Assets.xcassets */,
				84654CC71F96418200E5092E /* Main.storyboard */,
				84654CCC1F96418200E5092E /* LaunchScreen.storyboard */,
				84654CCF1F96418200E5092E /* Info.plist */,
				84906B961FB9936600719944 /* ShangHaiGPX.gpx */,
				840BD1141F999A0B00F4B004 /* cityCode.plist */,
				840BD1151F999A0B00F4B004 /* weatherCode.plist */,
				84654CD01F96418200E5092E /* main.m */,
				84A6274F1F96531C00EE29D5 /* PrefixHeader.pch */,
			);
			path = YTWeather;
			sourceTree = "<group>";
		};
		84654CD91F96418200E5092E /* YTWeatherTests */ = {
			isa = PBXGroup;
			children = (
				84654CDA1F96418200E5092E /* YTWeatherTests.m */,
				84654CDC1F96418200E5092E /* Info.plist */,
			);
			path = YTWeatherTests;
			sourceTree = "<group>";
		};
		84654CE41F96418200E5092E /* YTWeatherUITests */ = {
			isa = PBXGroup;
			children = (
				84654CE51F96418200E5092E /* YTWeatherUITests.m */,
				84654CE71F96418200E5092E /* Info.plist */,
			);
			path = YTWeatherUITests;
			sourceTree = "<group>";
		};
		84654CF31F9646D700E5092E /* MainViewController */ = {
			isa = PBXGroup;
			children = (
				84654CF41F9646D700E5092E /* Controller */,
				84654CF51F9646D700E5092E /* Model */,
				84654CF71F9646D700E5092E /* View */,
				84A6277C1F9713F000EE29D5 /* Request */,
				84654CF61F9646D700E5092E /* Second Page */,
			);
			path = MainViewController;
			sourceTree = "<group>";
		};
		84654CF41F9646D700E5092E /* Controller */ = {
			isa = PBXGroup;
			children = (
				84654D101F96477E00E5092E /* YTMainViewController.h */,
				84654D111F96477E00E5092E /* YTMainViewController.m */,
				84654D121F96477E00E5092E /* YTMainViewController.xib */,
			);
			path = Controller;
			sourceTree = "<group>";
		};
		84654CF51F9646D700E5092E /* Model */ = {
			isa = PBXGroup;
			children = (
				84E99C8F1FB14F0C0071C160 /* Norlmal Weather Model */,
				84E99C901FB14F250071C160 /* Air Weather Model */,
			);
			path = Model;
			sourceTree = "<group>";
		};
		84654CF61F9646D700E5092E /* Second Page */ = {
			isa = PBXGroup;
			children = (
				84F88BD01F99A3B700E4E1B2 /* CitySearch Page */,
				84C1DE291FA339D800D0B033 /* Setting Page */,
				84906B9D1FB9A9AB00719944 /* Login Page */,
			);
			path = "Second Page";
			sourceTree = "<group>";
		};
		84654CF71F9646D700E5092E /* View */ = {
			isa = PBXGroup;
			children = (
				84654D181F9647B800E5092E /* YTMainView.h */,
				84654D191F9647B800E5092E /* YTMainView.m */,
				84654D1B1F964F3F00E5092E /* YTMainView.xib */,
				84A627751F97129500EE29D5 /* Table View Cell */,
				847AD6A01FA9A29C00837534 /* Custom Navigation Bar */,
				847AD6A41FA9A29C00837534 /* Custom Refresh Header  */,
				849E9FC61FA96125006E13F3 /* Left Slide View */,
			);
			path = View;
			sourceTree = "<group>";
		};
		8466100E1F9D949B00AC001D /* Header */ = {
			isa = PBXGroup;
			children = (
				84BF6F6F1F9DC92F00F93B83 /* YTMainTableHeaderView.h */,
				84BF6F6E1F9DC92F00F93B83 /* YTMainTableHeaderView.m */,
				84BF6F6D1F9DC92F00F93B83 /* YTMainTableHeaderView.xib */,
			);
			path = Header;
			sourceTree = "<group>";
		};
		8466100F1F9D94A600AC001D /* Advertising */ = {
			isa = PBXGroup;
			children = (
				84A627551F970EE400EE29D5 /* YTMainAdvertisingTableViewCell.h */,
				84A627561F970EE400EE29D5 /* YTMainAdvertisingTableViewCell.m */,
				84A627571F970EE400EE29D5 /* YTMainAdvertisingTableViewCell.xib */,
			);
			path = Advertising;
			sourceTree = "<group>";
		};
		846610101F9D94BB00AC001D /* Detail */ = {
			isa = PBXGroup;
			children = (
				84A6275A1F970EF300EE29D5 /* YTMainDetailTableViewCell.h */,
				84A6275B1F970EF300EE29D5 /* YTMainDetailTableViewCell.m */,
				84A6275C1F970EF300EE29D5 /* YTMainDetailTableViewCell.xib */,
			);
			path = Detail;
			sourceTree = "<group>";
		};
		846610111F9D94C400AC001D /* Map */ = {
			isa = PBXGroup;
			children = (
				84A6275F1F970F0000EE29D5 /* YTMainMapTableViewCell.h */,
				84A627601F970F0000EE29D5 /* YTMainMapTableViewCell.m */,
				84A627611F970F0000EE29D5 /* YTMainMapTableViewCell.xib */,
			);
			path = Map;
			sourceTree = "<group>";
		};
		846610121F9D94D500AC001D /* Precipitation */ = {
			isa = PBXGroup;
			children = (
				84A627641F970F1E00EE29D5 /* YTMainPrecipitationTableViewCell.h */,
				84A627651F970F1E00EE29D5 /* YTMainPrecipitationTableViewCell.m */,
				84A627661F970F1E00EE29D5 /* YTMainPrecipitationTableViewCell.xib */,
			);
			path = Precipitation;
			sourceTree = "<group>";
		};
		846610131F9D94DC00AC001D /* SunAndWind */ = {
			isa = PBXGroup;
			children = (
				84A627691F970F2D00EE29D5 /* YTMainSunAndWindTableViewCell.h */,
				84A6276A1F970F2D00EE29D5 /* YTMainSunAndWindTableViewCell.m */,
				84A6276B1F970F2D00EE29D5 /* YTMainSunAndWindTableViewCell.xib */,
				84EFBB311F9F2EB0004839E8 /* YTMainSunAndWindDrawView.h */,
				84EFBB321F9F2EB0004839E8 /* YTMainSunAndWindDrawView.m */,
				84E99C8A1FB055C30071C160 /* YTMainSunAndWindDrawView.xib */,
			);
			path = SunAndWind;
			sourceTree = "<group>";
		};
		847AD6A01FA9A29C00837534 /* Custom Navigation Bar */ = {
			isa = PBXGroup;
			children = (
				847AD6A11FA9A29C00837534 /* YTMainCustomNavigationBar.h */,
				847AD6A21FA9A29C00837534 /* YTMainCustomNavigationBar.m */,
				847AD6A31FA9A29C00837534 /* YTMainCustomNavigationBar.xib */,
			);
			path = "Custom Navigation Bar";
			sourceTree = "<group>";
		};
		847AD6A41FA9A29C00837534 /* Custom Refresh Header  */ = {
			isa = PBXGroup;
			children = (
				847AD6A51FA9A29C00837534 /* YTCustomRefreshGifHeader.h */,
				847AD6A61FA9A29C00837534 /* YTCustomRefreshGifHeader.m */,
			);
			path = "Custom Refresh Header ";
			sourceTree = "<group>";
		};
		84906B9D1FB9A9AB00719944 /* Login Page */ = {
			isa = PBXGroup;
			children = (
				84906B981FB9A9A300719944 /* YTLoginViewController.h */,
				84906B991FB9A9A300719944 /* YTLoginViewController.m */,
				84906B9A1FB9A9A300719944 /* YTLoginViewController.xib */,
			);
			path = "Login Page";
			sourceTree = "<group>";
		};
		849E9FC61FA96125006E13F3 /* Left Slide View */ = {
			isa = PBXGroup;
			children = (
				8450CA451FA96607006344F1 /* YTLeftSlideView.h */,
				8450CA461FA96607006344F1 /* YTLeftSlideView.m */,
				8450CA481FA96628006344F1 /* YTLeftSlideView.xib */,
				8450CA401FA9636A006344F1 /* YTLeftSlideTableViewNormalCell.h */,
				8450CA411FA9636A006344F1 /* YTLeftSlideTableViewNormalCell.m */,
				8450CA421FA9636A006344F1 /* YTLeftSlideTableViewNormalCell.xib */,
				847AD6AD1FA9B29E00837534 /* YTLeftSlideTableViewToolCell.h */,
				847AD6AE1FA9B29E00837534 /* YTLeftSlideTableViewToolCell.m */,
				847AD6AF1FA9B29E00837534 /* YTLeftSlideTableViewToolCell.xib */,
				84A2216A1FA9B67B0029BB28 /* YTLeftSlideTableViewNoticeCell.h */,
				84A2216B1FA9B67B0029BB28 /* YTLeftSlideTableViewNoticeCell.m */,
				84A2216C1FA9B67B0029BB28 /* YTLeftSlideTableViewNoticeCell.xib */,
			);
			path = "Left Slide View";
			sourceTree = "<group>";
		};
		84A627751F97129500EE29D5 /* Table View Cell */ = {
			isa = PBXGroup;
			children = (
				8466100E1F9D949B00AC001D /* Header */,
				84BF6F621F9DC92300F93B83 /* Forecast */,
				8466100F1F9D94A600AC001D /* Advertising */,
				846610101F9D94BB00AC001D /* Detail */,
				846610111F9D94C400AC001D /* Map */,
				846610121F9D94D500AC001D /* Precipitation */,
				846610131F9D94DC00AC001D /* SunAndWind */,
				84EFBB301F9F2A0E004839E8 /* Empty */,
			);
			path = "Table View Cell";
			sourceTree = "<group>";
		};
		84A6277C1F9713F000EE29D5 /* Request */ = {
			isa = PBXGroup;
			children = (
				84A627791F9713EB00EE29D5 /* YTMainRequestNetworkTool.h */,
				84A6277A1F9713EB00EE29D5 /* YTMainRequestNetworkTool.m */,
			);
			path = Request;
			sourceTree = "<group>";
		};
		84BF6F621F9DC92300F93B83 /* Forecast */ = {
			isa = PBXGroup;
			children = (
				84BF6F661F9DC92300F93B83 /* YTMainForecastTableViewCell.h */,
				84BF6F671F9DC92300F93B83 /* YTMainForecastTableViewCell.m */,
				84BF6F681F9DC92300F93B83 /* YTMainForecastTableViewCell.xib */,
				84906BA31FBACE3A00719944 /* YTHourlyForecastCollectionViewCell.h */,
				84906BA41FBACE3A00719944 /* YTHourlyForecastCollectionViewCell.m */,
				84906BA51FBACE3A00719944 /* YTHourlyForecastCollectionViewCell.xib */,
				84E99C851FAC44000071C160 /* YTDailyForecastTableViewCell.h */,
				84E99C861FAC44000071C160 /* YTDailyForecastTableViewCell.m */,
				84E99C871FAC44000071C160 /* YTDailyForecastTableViewCell.xib */,
			);
			path = Forecast;
			sourceTree = "<group>";
		};
		84C1DE291FA339D800D0B033 /* Setting Page */ = {
			isa = PBXGroup;
			children = (
				84654D0B1F96476700E5092E /* YTSettingViewController.h */,
				84654D0C1F96476700E5092E /* YTSettingViewController.m */,
				84654D0D1F96476700E5092E /* YTSettingViewController.xib */,
			);
			path = "Setting Page";
			sourceTree = "<group>";
		};
		84E99C8F1FB14F0C0071C160 /* Norlmal Weather Model */ = {
			isa = PBXGroup;
			children = (
				84654D151F96479F00E5092E /* YTWeatherModel.h */,
				84654D161F96479F00E5092E /* YTWeatherModel.m */,
				840D47AB1FA3229400AAADC9 /* YTWeatherUpdateModel.h */,
				840D47AC1FA3229400AAADC9 /* YTWeatherUpdateModel.m */,
				84A627851F97257100EE29D5 /* YTWeatherBasicModel.h */,
				84A627861F97257100EE29D5 /* YTWeatherBasicModel.m */,
				840BD1051F988EBF00F4B004 /* YTWeatherDailyForecastModel.h */,
				840BD1061F988EBF00F4B004 /* YTWeatherDailyForecastModel.m */,
				840BD1081F988EDA00F4B004 /* YTWeatherHourlyForecastModel.h */,
				840BD1091F988EDA00F4B004 /* YTWeatherHourlyForecastModel.m */,
				84A6278E1F9725A000EE29D5 /* YTWeatherNowModel.h */,
				84A6278F1F9725A000EE29D5 /* YTWeatherNowModel.m */,
				840D47AE1FA322C500AAADC9 /* YTWeatherLifestyleModel.h */,
				840D47AF1FA322C500AAADC9 /* YTWeatherLifestyleModel.m */,
			);
			path = "Norlmal Weather Model";
			sourceTree = "<group>";
		};
		84E99C901FB14F250071C160 /* Air Weather Model */ = {
			isa = PBXGroup;
			children = (
				84E99C8C1FB14EFF0071C160 /* YTWeatherAirModel.h */,
				84E99C8D1FB14EFF0071C160 /* YTWeatherAirModel.m */,
			);
			path = "Air Weather Model";
			sourceTree = "<group>";
		};
		84EFBB301F9F2A0E004839E8 /* Empty */ = {
			isa = PBXGroup;
			children = (
				84F687281F9ED33500C3A4AB /* YTMainEmptyTableViewCell.h */,
				84F687291F9ED33500C3A4AB /* YTMainEmptyTableViewCell.m */,
				84F6872A1F9ED33500C3A4AB /* YTMainEmptyTableViewCell.xib */,
			);
			path = Empty;
			sourceTree = "<group>";
		};
		84F88BD01F99A3B700E4E1B2 /* CitySearch Page */ = {
			isa = PBXGroup;
			children = (
				84F88BD11F99A3B700E4E1B2 /* controller */,
				84F88BD21F99A3B700E4E1B2 /* model */,
				84F88BD31F99A3B700E4E1B2 /* view */,
			);
			path = "CitySearch Page";
			sourceTree = "<group>";
		};
		84F88BD11F99A3B700E4E1B2 /* controller */ = {
			isa = PBXGroup;
			children = (
				8460077F1FA85DC500A2F403 /* YTSearchViewController.h */,
				846007801FA85DC500A2F403 /* YTSearchViewController.m */,
				846007811FA85DC500A2F403 /* YTSearchViewController.xib */,
			);
			path = controller;
			sourceTree = "<group>";
		};
		84F88BD21F99A3B700E4E1B2 /* model */ = {
			isa = PBXGroup;
			children = (
				84EE90B31F99E81100CA21D4 /* YTCitySearchModel.h */,
				84EE90B41F99E81100CA21D4 /* YTCitySearchModel.m */,
			);
			path = model;
			sourceTree = "<group>";
		};
		84F88BD31F99A3B700E4E1B2 /* view */ = {
			isa = PBXGroup;
			children = (
			);
			path = view;
			sourceTree = "<group>";
		};
		BE0D3A0289394C6A0A2C781C /* Pods */ = {
			isa = PBXGroup;
			children = (
				3FADEAE9FFC02DCB39C0752B /* Pods-YTWeather.debug.xcconfig */,
				8BCAB6BDD51500CF0E110411 /* Pods-YTWeather.release.xcconfig */,
			);
			name = Pods;
			sourceTree = "<group>";
		};
/* End PBXGroup section */

/* Begin PBXNativeTarget section */
		84654CBD1F96418200E5092E /* YTWeather */ = {
			isa = PBXNativeTarget;
			buildConfigurationList = 84654CEA1F96418200E5092E /* Build configuration list for PBXNativeTarget "YTWeather" */;
			buildPhases = (
				B48A24BADE9A173FA8EBB1C2 /* [CP] Check Pods Manifest.lock */,
				84654CBA1F96418200E5092E /* Sources */,
				84654CBB1F96418200E5092E /* Frameworks */,
				84654CBC1F96418200E5092E /* Resources */,
				A45EC484148DB3F2DF9C0AFC /* [CP] Embed Pods Frameworks */,
				A82EA634CD69B95AF9E509BD /* [CP] Copy Pods Resources */,
			);
			buildRules = (
			);
			dependencies = (
			);
			name = YTWeather;
			productName = YTWeather;
			productReference = 84654CBE1F96418200E5092E /* YTWeather.app */;
			productType = "com.apple.product-type.application";
		};
		84654CD51F96418200E5092E /* YTWeatherTests */ = {
			isa = PBXNativeTarget;
			buildConfigurationList = 84654CED1F96418200E5092E /* Build configuration list for PBXNativeTarget "YTWeatherTests" */;
			buildPhases = (
				84654CD21F96418200E5092E /* Sources */,
				84654CD31F96418200E5092E /* Frameworks */,
				84654CD41F96418200E5092E /* Resources */,
			);
			buildRules = (
			);
			dependencies = (
				84654CD81F96418200E5092E /* PBXTargetDependency */,
			);
			name = YTWeatherTests;
			productName = YTWeatherTests;
			productReference = 84654CD61F96418200E5092E /* YTWeatherTests.xctest */;
			productType = "com.apple.product-type.bundle.unit-test";
		};
		84654CE01F96418200E5092E /* YTWeatherUITests */ = {
			isa = PBXNativeTarget;
			buildConfigurationList = 84654CF01F96418200E5092E /* Build configuration list for PBXNativeTarget "YTWeatherUITests" */;
			buildPhases = (
				84654CDD1F96418200E5092E /* Sources */,
				84654CDE1F96418200E5092E /* Frameworks */,
				84654CDF1F96418200E5092E /* Resources */,
			);
			buildRules = (
			);
			dependencies = (
				84654CE31F96418200E5092E /* PBXTargetDependency */,
			);
			name = YTWeatherUITests;
			productName = YTWeatherUITests;
			productReference = 84654CE11F96418200E5092E /* YTWeatherUITests.xctest */;
			productType = "com.apple.product-type.bundle.ui-testing";
		};
/* End PBXNativeTarget section */

/* Begin PBXProject section */
		84654CB61F96418200E5092E /* Project object */ = {
			isa = PBXProject;
			attributes = {
				CLASSPREFIX = YT;
				LastUpgradeCheck = 0900;
				ORGANIZATIONNAME = Jaten;
				TargetAttributes = {
					84654CBD1F96418200E5092E = {
						CreatedOnToolsVersion = 9.0.1;
						ProvisioningStyle = Automatic;
					};
					84654CD51F96418200E5092E = {
						CreatedOnToolsVersion = 9.0.1;
						ProvisioningStyle = Automatic;
						TestTargetID = 84654CBD1F96418200E5092E;
					};
					84654CE01F96418200E5092E = {
						CreatedOnToolsVersion = 9.0.1;
						ProvisioningStyle = Automatic;
						TestTargetID = 84654CBD1F96418200E5092E;
					};
				};
			};
			buildConfigurationList = 84654CB91F96418200E5092E /* Build configuration list for PBXProject "YTWeather" */;
			compatibilityVersion = "Xcode 8.0";
			developmentRegion = en;
			hasScannedForEncodings = 0;
			knownRegions = (
				en,
				Base,
			);
			mainGroup = 84654CB51F96418200E5092E;
			productRefGroup = 84654CBF1F96418200E5092E /* Products */;
			projectDirPath = "";
			projectRoot = "";
			targets = (
				84654CBD1F96418200E5092E /* YTWeather */,
				84654CD51F96418200E5092E /* YTWeatherTests */,
				84654CE01F96418200E5092E /* YTWeatherUITests */,
			);
		};
/* End PBXProject section */

/* Begin PBXResourcesBuildPhase section */
		84654CBC1F96418200E5092E /* Resources */ = {
			isa = PBXResourcesBuildPhase;
			buildActionMask = 2147483647;
			files = (
				8450CA441FA9636A006344F1 /* YTLeftSlideTableViewNormalCell.xib in Resources */,
				84906BA71FBACE3A00719944 /* YTHourlyForecastCollectionViewCell.xib in Resources */,
				8460077A1FA7079200A2F403 /* YTLaunchADViewController.xib in Resources */,
				84BF6F6C1F9DC92400F93B83 /* YTMainForecastTableViewCell.xib in Resources */,
				846007831FA85DC500A2F403 /* YTSearchViewController.xib in Resources */,
				840BD1171F999A0B00F4B004 /* weatherCode.plist in Resources */,
				846007781FA7079200A2F403 /* YTCustomNavViewController.xib in Resources */,
				847AD6A81FA9A29C00837534 /* YTMainCustomNavigationBar.xib in Resources */,
				84A6276D1F970F2D00EE29D5 /* YTMainSunAndWindTableViewCell.xib in Resources */,
				84654CCE1F96418200E5092E /* LaunchScreen.storyboard in Resources */,
				84BF6F701F9DC92F00F93B83 /* YTMainTableHeaderView.xib in Resources */,
				847AD6B11FA9B29E00837534 /* YTLeftSlideTableViewToolCell.xib in Resources */,
				84A627681F970F1E00EE29D5 /* YTMainPrecipitationTableViewCell.xib in Resources */,
				84654D141F96477E00E5092E /* YTMainViewController.xib in Resources */,
				8460077C1FA7079200A2F403 /* YTNewFeatureViewController.xib in Resources */,
				840BD1161F999A0B00F4B004 /* cityCode.plist in Resources */,
				84A627591F970EE400EE29D5 /* YTMainAdvertisingTableViewCell.xib in Resources */,
				84E99C891FAC44000071C160 /* YTDailyForecastTableViewCell.xib in Resources */,
				8450CA491FA96628006344F1 /* YTLeftSlideView.xib in Resources */,
				84906B9C1FB9A9A300719944 /* YTLoginViewController.xib in Resources */,
				84654CC91F96418200E5092E /* Main.storyboard in Resources */,
				84654D1C1F964F4000E5092E /* YTMainView.xib in Resources */,
				84906B971FB9936600719944 /* ShangHaiGPX.gpx in Resources */,
				84A6275E1F970EF300EE29D5 /* YTMainDetailTableViewCell.xib in Resources */,
				84A2216E1FA9B67B0029BB28 /* YTLeftSlideTableViewNoticeCell.xib in Resources */,
				84A627631F970F0000EE29D5 /* YTMainMapTableViewCell.xib in Resources */,
				84F6872C1F9ED33500C3A4AB /* YTMainEmptyTableViewCell.xib in Resources */,
				84D4FC611F974C7D000B62A3 /* Assets.xcassets in Resources */,
				84654D0F1F96476700E5092E /* YTSettingViewController.xib in Resources */,
				84E99C8B1FB055C30071C160 /* YTMainSunAndWindDrawView.xib in Resources */,
			);
			runOnlyForDeploymentPostprocessing = 0;
		};
		84654CD41F96418200E5092E /* Resources */ = {
			isa = PBXResourcesBuildPhase;
			buildActionMask = 2147483647;
			files = (
			);
			runOnlyForDeploymentPostprocessing = 0;
		};
		84654CDF1F96418200E5092E /* Resources */ = {
			isa = PBXResourcesBuildPhase;
			buildActionMask = 2147483647;
			files = (
			);
			runOnlyForDeploymentPostprocessing = 0;
		};
/* End PBXResourcesBuildPhase section */

/* Begin PBXShellScriptBuildPhase section */
		A45EC484148DB3F2DF9C0AFC /* [CP] Embed Pods Frameworks */ = {
			isa = PBXShellScriptBuildPhase;
			buildActionMask = 2147483647;
			files = (
			);
			inputPaths = (
			);
			name = "[CP] Embed Pods Frameworks";
			outputPaths = (
			);
			runOnlyForDeploymentPostprocessing = 0;
			shellPath = /bin/sh;
			shellScript = "\"${SRCROOT}/Pods/Target Support Files/Pods-YTWeather/Pods-YTWeather-frameworks.sh\"\n";
			showEnvVarsInLog = 0;
		};
		A82EA634CD69B95AF9E509BD /* [CP] Copy Pods Resources */ = {
			isa = PBXShellScriptBuildPhase;
			buildActionMask = 2147483647;
			files = (
			);
			inputPaths = (
				"${SRCROOT}/Pods/Target Support Files/Pods-YTWeather/Pods-YTWeather-resources.sh",
				"${PODS_ROOT}/BaiduMapKit/BaiduMapKit/BaiduMapAPI_Map.framework/Resources/mapapi.bundle",
				"${PODS_ROOT}/MJRefresh/MJRefresh/MJRefresh.bundle",
			);
			name = "[CP] Copy Pods Resources";
			outputPaths = (
				"${TARGET_BUILD_DIR}/${UNLOCALIZED_RESOURCES_FOLDER_PATH}",
			);
			runOnlyForDeploymentPostprocessing = 0;
			shellPath = /bin/sh;
			shellScript = "\"${SRCROOT}/Pods/Target Support Files/Pods-YTWeather/Pods-YTWeather-resources.sh\"\n";
			showEnvVarsInLog = 0;
		};
		B48A24BADE9A173FA8EBB1C2 /* [CP] Check Pods Manifest.lock */ = {
			isa = PBXShellScriptBuildPhase;
			buildActionMask = 2147483647;
			files = (
			);
			inputPaths = (
				"${PODS_PODFILE_DIR_PATH}/Podfile.lock",
				"${PODS_ROOT}/Manifest.lock",
			);
			name = "[CP] Check Pods Manifest.lock";
			outputPaths = (
				"$(DERIVED_FILE_DIR)/Pods-YTWeather-checkManifestLockResult.txt",
			);
			runOnlyForDeploymentPostprocessing = 0;
			shellPath = /bin/sh;
			shellScript = "diff \"${PODS_PODFILE_DIR_PATH}/Podfile.lock\" \"${PODS_ROOT}/Manifest.lock\" > /dev/null\nif [ $? != 0 ] ; then\n    # print error to STDERR\n    echo \"error: The sandbox is not in sync with the Podfile.lock. Run 'pod install' or update your CocoaPods installation.\" >&2\n    exit 1\nfi\n# This output is used by Xcode 'outputs' to avoid re-running this script phase.\necho \"SUCCESS\" > \"${SCRIPT_OUTPUT_FILE_0}\"\n";
			showEnvVarsInLog = 0;
		};
/* End PBXShellScriptBuildPhase section */

/* Begin PBXSourcesBuildPhase section */
		84654CBA1F96418200E5092E /* Sources */ = {
			isa = PBXSourcesBuildPhase;
			buildActionMask = 2147483647;
			files = (
				846007791FA7079200A2F403 /* YTLaunchADViewController.m in Sources */,
				8450CA471FA96607006344F1 /* YTLeftSlideView.m in Sources */,
				840BD1071F988EBF00F4B004 /* YTWeatherDailyForecastModel.m in Sources */,
				840D47AD1FA3229400AAADC9 /* YTWeatherUpdateModel.m in Sources */,
				8460077E1FA7079200A2F403 /* UIView+YT.m in Sources */,
				84654CD11F96418200E5092E /* main.m in Sources */,
				8450CA431FA9636A006344F1 /* YTLeftSlideTableViewNormalCell.m in Sources */,
				84E99C8E1FB14EFF0071C160 /* YTWeatherAirModel.m in Sources */,
				84A2216D1FA9B67B0029BB28 /* YTLeftSlideTableViewNoticeCell.m in Sources */,
				84906BA61FBACE3A00719944 /* YTHourlyForecastCollectionViewCell.m in Sources */,
				84654D171F96479F00E5092E /* YTWeatherModel.m in Sources */,
				84654D1A1F9647B800E5092E /* YTMainView.m in Sources */,
				84BF6F711F9DC92F00F93B83 /* YTMainTableHeaderView.m in Sources */,
				84A627621F970F0000EE29D5 /* YTMainMapTableViewCell.m in Sources */,
				8460077B1FA7079200A2F403 /* YTNewFeatureViewController.m in Sources */,
				84A627671F970F1E00EE29D5 /* YTMainPrecipitationTableViewCell.m in Sources */,
				84A6275D1F970EF300EE29D5 /* YTMainDetailTableViewCell.m in Sources */,
				84E99C811FAC21570071C160 /* NSString+YT.m in Sources */,
				84EFBB331F9F2EB0004839E8 /* YTMainSunAndWindDrawView.m in Sources */,
				84F6872B1F9ED33500C3A4AB /* YTMainEmptyTableViewCell.m in Sources */,
				84A627871F97257100EE29D5 /* YTWeatherBasicModel.m in Sources */,
				84A6277B1F9713EB00EE29D5 /* YTMainRequestNetworkTool.m in Sources */,
				847AD6A91FA9A29C00837534 /* YTCustomRefreshGifHeader.m in Sources */,
				840BD10A1F988EDA00F4B004 /* YTWeatherHourlyForecastModel.m in Sources */,
				846007821FA85DC500A2F403 /* YTSearchViewController.m in Sources */,
				84E99C841FAC25690071C160 /* NSURL+YT.m in Sources */,
				84A6276C1F970F2D00EE29D5 /* YTMainSunAndWindTableViewCell.m in Sources */,
				84654D0E1F96476700E5092E /* YTSettingViewController.m in Sources */,
				840D47B01FA322C500AAADC9 /* YTWeatherLifestyleModel.m in Sources */,
				84A627901F9725A000EE29D5 /* YTWeatherNowModel.m in Sources */,
				8460077D1FA7079200A2F403 /* UIColor+ColorChange.m in Sources */,
				84906B9B1FB9A9A300719944 /* YTLoginViewController.m in Sources */,
				847AD6A71FA9A29C00837534 /* YTMainCustomNavigationBar.m in Sources */,
				84654D131F96477E00E5092E /* YTMainViewController.m in Sources */,
				846007771FA7079200A2F403 /* YTCustomNavViewController.m in Sources */,
				847AD6B01FA9B29E00837534 /* YTLeftSlideTableViewToolCell.m in Sources */,
				84E99C881FAC44000071C160 /* YTDailyForecastTableViewCell.m in Sources */,
				84654CC31F96418200E5092E /* AppDelegate.m in Sources */,
				84EE90B51F99E81100CA21D4 /* YTCitySearchModel.m in Sources */,
				84BF6F6B1F9DC92400F93B83 /* YTMainForecastTableViewCell.m in Sources */,
				84A627581F970EE400EE29D5 /* YTMainAdvertisingTableViewCell.m in Sources */,
			);
			runOnlyForDeploymentPostprocessing = 0;
		};
		84654CD21F96418200E5092E /* Sources */ = {
			isa = PBXSourcesBuildPhase;
			buildActionMask = 2147483647;
			files = (
				84654CDB1F96418200E5092E /* YTWeatherTests.m in Sources */,
			);
			runOnlyForDeploymentPostprocessing = 0;
		};
		84654CDD1F96418200E5092E /* Sources */ = {
			isa = PBXSourcesBuildPhase;
			buildActionMask = 2147483647;
			files = (
				84654CE61F96418200E5092E /* YTWeatherUITests.m in Sources */,
			);
			runOnlyForDeploymentPostprocessing = 0;
		};
/* End PBXSourcesBuildPhase section */

/* Begin PBXTargetDependency section */
		84654CD81F96418200E5092E /* PBXTargetDependency */ = {
			isa = PBXTargetDependency;
			target = 84654CBD1F96418200E5092E /* YTWeather */;
			targetProxy = 84654CD71F96418200E5092E /* PBXContainerItemProxy */;
		};
		84654CE31F96418200E5092E /* PBXTargetDependency */ = {
			isa = PBXTargetDependency;
			target = 84654CBD1F96418200E5092E /* YTWeather */;
			targetProxy = 84654CE21F96418200E5092E /* PBXContainerItemProxy */;
		};
/* End PBXTargetDependency section */

/* Begin PBXVariantGroup section */
		84654CC71F96418200E5092E /* Main.storyboard */ = {
			isa = PBXVariantGroup;
			children = (
				84654CC81F96418200E5092E /* Base */,
			);
			name = Main.storyboard;
			sourceTree = "<group>";
		};
		84654CCC1F96418200E5092E /* LaunchScreen.storyboard */ = {
			isa = PBXVariantGroup;
			children = (
				84654CCD1F96418200E5092E /* Base */,
			);
			name = LaunchScreen.storyboard;
			sourceTree = "<group>";
		};
/* End PBXVariantGroup section */

/* Begin XCBuildConfiguration section */
		84654CE81F96418200E5092E /* Debug */ = {
			isa = XCBuildConfiguration;
			buildSettings = {
				ALWAYS_SEARCH_USER_PATHS = NO;
				CLANG_ANALYZER_NONNULL = YES;
				CLANG_ANALYZER_NUMBER_OBJECT_CONVERSION = YES_AGGRESSIVE;
				CLANG_CXX_LANGUAGE_STANDARD = "gnu++14";
				CLANG_CXX_LIBRARY = "libc++";
				CLANG_ENABLE_MODULES = YES;
				CLANG_ENABLE_OBJC_ARC = YES;
				CLANG_WARN_BLOCK_CAPTURE_AUTORELEASING = YES;
				CLANG_WARN_BOOL_CONVERSION = YES;
				CLANG_WARN_COMMA = YES;
				CLANG_WARN_CONSTANT_CONVERSION = YES;
				CLANG_WARN_DIRECT_OBJC_ISA_USAGE = YES_ERROR;
				CLANG_WARN_DOCUMENTATION_COMMENTS = YES;
				CLANG_WARN_EMPTY_BODY = YES;
				CLANG_WARN_ENUM_CONVERSION = YES;
				CLANG_WARN_INFINITE_RECURSION = YES;
				CLANG_WARN_INT_CONVERSION = YES;
				CLANG_WARN_NON_LITERAL_NULL_CONVERSION = YES;
				CLANG_WARN_OBJC_LITERAL_CONVERSION = YES;
				CLANG_WARN_OBJC_ROOT_CLASS = YES_ERROR;
				CLANG_WARN_RANGE_LOOP_ANALYSIS = YES;
				CLANG_WARN_STRICT_PROTOTYPES = YES;
				CLANG_WARN_SUSPICIOUS_MOVE = YES;
				CLANG_WARN_UNGUARDED_AVAILABILITY = YES_AGGRESSIVE;
				CLANG_WARN_UNREACHABLE_CODE = YES;
				CLANG_WARN__DUPLICATE_METHOD_MATCH = YES;
				CODE_SIGN_IDENTITY = "iPhone Developer";
				COPY_PHASE_STRIP = NO;
				DEBUG_INFORMATION_FORMAT = dwarf;
				ENABLE_STRICT_OBJC_MSGSEND = YES;
				ENABLE_TESTABILITY = YES;
				GCC_C_LANGUAGE_STANDARD = gnu11;
				GCC_DYNAMIC_NO_PIC = NO;
				GCC_INPUT_FILETYPE = sourcecode.cpp.objcpp;
				GCC_NO_COMMON_BLOCKS = YES;
				GCC_OPTIMIZATION_LEVEL = 0;
				GCC_PREPROCESSOR_DEFINITIONS = (
					"DEBUG=1",
					"$(inherited)",
				);
				GCC_WARN_64_TO_32_BIT_CONVERSION = YES;
				GCC_WARN_ABOUT_RETURN_TYPE = YES_ERROR;
				GCC_WARN_UNDECLARED_SELECTOR = YES;
				GCC_WARN_UNINITIALIZED_AUTOS = YES_AGGRESSIVE;
				GCC_WARN_UNUSED_FUNCTION = YES;
				GCC_WARN_UNUSED_VARIABLE = YES;
				IPHONEOS_DEPLOYMENT_TARGET = 11.0;
				MTL_ENABLE_DEBUG_INFO = YES;
				ONLY_ACTIVE_ARCH = YES;
				SDKROOT = iphoneos;
			};
			name = Debug;
		};
		84654CE91F96418200E5092E /* Release */ = {
			isa = XCBuildConfiguration;
			buildSettings = {
				ALWAYS_SEARCH_USER_PATHS = NO;
				CLANG_ANALYZER_NONNULL = YES;
				CLANG_ANALYZER_NUMBER_OBJECT_CONVERSION = YES_AGGRESSIVE;
				CLANG_CXX_LANGUAGE_STANDARD = "gnu++14";
				CLANG_CXX_LIBRARY = "libc++";
				CLANG_ENABLE_MODULES = YES;
				CLANG_ENABLE_OBJC_ARC = YES;
				CLANG_WARN_BLOCK_CAPTURE_AUTORELEASING = YES;
				CLANG_WARN_BOOL_CONVERSION = YES;
				CLANG_WARN_COMMA = YES;
				CLANG_WARN_CONSTANT_CONVERSION = YES;
				CLANG_WARN_DIRECT_OBJC_ISA_USAGE = YES_ERROR;
				CLANG_WARN_DOCUMENTATION_COMMENTS = YES;
				CLANG_WARN_EMPTY_BODY = YES;
				CLANG_WARN_ENUM_CONVERSION = YES;
				CLANG_WARN_INFINITE_RECURSION = YES;
				CLANG_WARN_INT_CONVERSION = YES;
				CLANG_WARN_NON_LITERAL_NULL_CONVERSION = YES;
				CLANG_WARN_OBJC_LITERAL_CONVERSION = YES;
				CLANG_WARN_OBJC_ROOT_CLASS = YES_ERROR;
				CLANG_WARN_RANGE_LOOP_ANALYSIS = YES;
				CLANG_WARN_STRICT_PROTOTYPES = YES;
				CLANG_WARN_SUSPICIOUS_MOVE = YES;
				CLANG_WARN_UNGUARDED_AVAILABILITY = YES_AGGRESSIVE;
				CLANG_WARN_UNREACHABLE_CODE = YES;
				CLANG_WARN__DUPLICATE_METHOD_MATCH = YES;
				CODE_SIGN_IDENTITY = "iPhone Developer";
				COPY_PHASE_STRIP = NO;
				DEBUG_INFORMATION_FORMAT = "dwarf-with-dsym";
				ENABLE_NS_ASSERTIONS = NO;
				ENABLE_STRICT_OBJC_MSGSEND = YES;
				GCC_C_LANGUAGE_STANDARD = gnu11;
				GCC_INPUT_FILETYPE = sourcecode.cpp.objcpp;
				GCC_NO_COMMON_BLOCKS = YES;
				GCC_WARN_64_TO_32_BIT_CONVERSION = YES;
				GCC_WARN_ABOUT_RETURN_TYPE = YES_ERROR;
				GCC_WARN_UNDECLARED_SELECTOR = YES;
				GCC_WARN_UNINITIALIZED_AUTOS = YES_AGGRESSIVE;
				GCC_WARN_UNUSED_FUNCTION = YES;
				GCC_WARN_UNUSED_VARIABLE = YES;
				IPHONEOS_DEPLOYMENT_TARGET = 11.0;
				MTL_ENABLE_DEBUG_INFO = NO;
				SDKROOT = iphoneos;
				VALIDATE_PRODUCT = YES;
			};
			name = Release;
		};
		84654CEB1F96418200E5092E /* Debug */ = {
			isa = XCBuildConfiguration;
			baseConfigurationReference = 3FADEAE9FFC02DCB39C0752B /* Pods-YTWeather.debug.xcconfig */;
			buildSettings = {
				ASSETCATALOG_COMPILER_APPICON_NAME = AppIcon;
				ASSETCATALOG_COMPILER_LAUNCHIMAGE_NAME = LaunchImage;
				"CODE_SIGN_IDENTITY[sdk=iphoneos*]" = "iPhone Developer";
				CODE_SIGN_STYLE = Automatic;
				DEVELOPMENT_TEAM = C2ZM39SG7H;
				GCC_PRECOMPILE_PREFIX_HEADER = YES;
				GCC_PREFIX_HEADER = YTWeather/PrefixHeader.pch;
				INFOPLIST_FILE = YTWeather/Info.plist;
				IPHONEOS_DEPLOYMENT_TARGET = 8.0;
				LD_RUNPATH_SEARCH_PATHS = "$(inherited) @executable_path/Frameworks";
				PRODUCT_BUNDLE_IDENTIFIER = Jaten.YTWeather;
				PRODUCT_NAME = "$(TARGET_NAME)";
				PROVISIONING_PROFILE_SPECIFIER = "";
				TARGETED_DEVICE_FAMILY = 1;
			};
			name = Debug;
		};
		84654CEC1F96418200E5092E /* Release */ = {
			isa = XCBuildConfiguration;
			baseConfigurationReference = 8BCAB6BDD51500CF0E110411 /* Pods-YTWeather.release.xcconfig */;
			buildSettings = {
				ASSETCATALOG_COMPILER_APPICON_NAME = AppIcon;
				ASSETCATALOG_COMPILER_LAUNCHIMAGE_NAME = LaunchImage;
				"CODE_SIGN_IDENTITY[sdk=iphoneos*]" = "iPhone Developer";
				CODE_SIGN_STYLE = Automatic;
				DEVELOPMENT_TEAM = C2ZM39SG7H;
				GCC_PRECOMPILE_PREFIX_HEADER = YES;
				GCC_PREFIX_HEADER = YTWeather/PrefixHeader.pch;
				INFOPLIST_FILE = YTWeather/Info.plist;
				IPHONEOS_DEPLOYMENT_TARGET = 8.0;
				LD_RUNPATH_SEARCH_PATHS = "$(inherited) @executable_path/Frameworks";
				PRODUCT_BUNDLE_IDENTIFIER = Jaten.YTWeather;
				PRODUCT_NAME = "$(TARGET_NAME)";
				PROVISIONING_PROFILE_SPECIFIER = "";
				TARGETED_DEVICE_FAMILY = 1;
			};
			name = Release;
		};
		84654CEE1F96418200E5092E /* Debug */ = {
			isa = XCBuildConfiguration;
			buildSettings = {
				BUNDLE_LOADER = "$(TEST_HOST)";
				CODE_SIGN_STYLE = Automatic;
				DEVELOPMENT_TEAM = C2ZM39SG7H;
				INFOPLIST_FILE = YTWeatherTests/Info.plist;
				LD_RUNPATH_SEARCH_PATHS = "$(inherited) @executable_path/Frameworks @loader_path/Frameworks";
				PRODUCT_BUNDLE_IDENTIFIER = Jaten.YTWeatherTests;
				PRODUCT_NAME = "$(TARGET_NAME)";
				TARGETED_DEVICE_FAMILY = "1,2";
				TEST_HOST = "$(BUILT_PRODUCTS_DIR)/YTWeather.app/YTWeather";
			};
			name = Debug;
		};
		84654CEF1F96418200E5092E /* Release */ = {
			isa = XCBuildConfiguration;
			buildSettings = {
				BUNDLE_LOADER = "$(TEST_HOST)";
				CODE_SIGN_STYLE = Automatic;
				DEVELOPMENT_TEAM = C2ZM39SG7H;
				INFOPLIST_FILE = YTWeatherTests/Info.plist;
				LD_RUNPATH_SEARCH_PATHS = "$(inherited) @executable_path/Frameworks @loader_path/Frameworks";
				PRODUCT_BUNDLE_IDENTIFIER = Jaten.YTWeatherTests;
				PRODUCT_NAME = "$(TARGET_NAME)";
				TARGETED_DEVICE_FAMILY = "1,2";
				TEST_HOST = "$(BUILT_PRODUCTS_DIR)/YTWeather.app/YTWeather";
			};
			name = Release;
		};
		84654CF11F96418200E5092E /* Debug */ = {
			isa = XCBuildConfiguration;
			buildSettings = {
				CODE_SIGN_STYLE = Automatic;
				DEVELOPMENT_TEAM = C2ZM39SG7H;
				INFOPLIST_FILE = YTWeatherUITests/Info.plist;
				LD_RUNPATH_SEARCH_PATHS = "$(inherited) @executable_path/Frameworks @loader_path/Frameworks";
				PRODUCT_BUNDLE_IDENTIFIER = Jaten.YTWeatherUITests;
				PRODUCT_NAME = "$(TARGET_NAME)";
				TARGETED_DEVICE_FAMILY = "1,2";
				TEST_TARGET_NAME = YTWeather;
			};
			name = Debug;
		};
		84654CF21F96418200E5092E /* Release */ = {
			isa = XCBuildConfiguration;
			buildSettings = {
				CODE_SIGN_STYLE = Automatic;
				DEVELOPMENT_TEAM = C2ZM39SG7H;
				INFOPLIST_FILE = YTWeatherUITests/Info.plist;
				LD_RUNPATH_SEARCH_PATHS = "$(inherited) @executable_path/Frameworks @loader_path/Frameworks";
				PRODUCT_BUNDLE_IDENTIFIER = Jaten.YTWeatherUITests;
				PRODUCT_NAME = "$(TARGET_NAME)";
				TARGETED_DEVICE_FAMILY = "1,2";
				TEST_TARGET_NAME = YTWeather;
			};
			name = Release;
		};
/* End XCBuildConfiguration section */

/* Begin XCConfigurationList section */
		84654CB91F96418200E5092E /* Build configuration list for PBXProject "YTWeather" */ = {
			isa = XCConfigurationList;
			buildConfigurations = (
				84654CE81F96418200E5092E /* Debug */,
				84654CE91F96418200E5092E /* Release */,
			);
			defaultConfigurationIsVisible = 0;
			defaultConfigurationName = Release;
		};
		84654CEA1F96418200E5092E /* Build configuration list for PBXNativeTarget "YTWeather" */ = {
			isa = XCConfigurationList;
			buildConfigurations = (
				84654CEB1F96418200E5092E /* Debug */,
				84654CEC1F96418200E5092E /* Release */,
			);
			defaultConfigurationIsVisible = 0;
			defaultConfigurationName = Release;
		};
		84654CED1F96418200E5092E /* Build configuration list for PBXNativeTarget "YTWeatherTests" */ = {
			isa = XCConfigurationList;
			buildConfigurations = (
				84654CEE1F96418200E5092E /* Debug */,
				84654CEF1F96418200E5092E /* Release */,
			);
			defaultConfigurationIsVisible = 0;
			defaultConfigurationName = Release;
		};
		84654CF01F96418200E5092E /* Build configuration list for PBXNativeTarget "YTWeatherUITests" */ = {
			isa = XCConfigurationList;
			buildConfigurations = (
				84654CF11F96418200E5092E /* Debug */,
				84654CF21F96418200E5092E /* Release */,
			);
			defaultConfigurationIsVisible = 0;
			defaultConfigurationName = Release;
		};
/* End XCConfigurationList section */
	};
	rootObject = 84654CB61F96418200E5092E /* Project object */;
}
